// !$*UTF8*$!
{
	archiveVersion = 1;
	classes = {
	};
	objectVersion = 48;
	objects = {

/* Begin PBXBuildFile section */
		986A2DD62045B219000126D9 /* AppDelegate.swift in Sources */ = {isa = PBXBuildFile; fileRef = 986A2DD52045B219000126D9 /* AppDelegate.swift */; };
		986A2DD82045B219000126D9 /* ViewController.swift in Sources */ = {isa = PBXBuildFile; fileRef = 986A2DD72045B219000126D9 /* ViewController.swift */; };
		986A2DDB2045B219000126D9 /* Main.storyboard in Resources */ = {isa = PBXBuildFile; fileRef = 986A2DD92045B219000126D9 /* Main.storyboard */; };
		986A2DDD2045B219000126D9 /* Assets.xcassets in Resources */ = {isa = PBXBuildFile; fileRef = 986A2DDC2045B219000126D9 /* Assets.xcassets */; };
		986A2DE02045B219000126D9 /* LaunchScreen.storyboard in Resources */ = {isa = PBXBuildFile; fileRef = 986A2DDE2045B219000126D9 /* LaunchScreen.storyboard */; };
		986A2DE82045B24B000126D9 /* Data.swift in Sources */ = {isa = PBXBuildFile; fileRef = 986A2DE72045B24B000126D9 /* Data.swift */; };
		986A2DEA2045B27D000126D9 /* SingerInfo.swift in Sources */ = {isa = PBXBuildFile; fileRef = 986A2DE92045B27D000126D9 /* SingerInfo.swift */; };
/* End PBXBuildFile section */

/* Begin PBXFileReference section */
		986A2DD22045B219000126D9 /* 18_02_28_Study.app */ = {isa = PBXFileReference; explicitFileType = wrapper.application; includeInIndex = 0; path = 18_02_28_Study.app; sourceTree = BUILT_PRODUCTS_DIR; };
		986A2DD52045B219000126D9 /* AppDelegate.swift */ = {isa = PBXFileReference; lastKnownFileType = sourcecode.swift; path = AppDelegate.swift; sourceTree = "<group>"; };
		986A2DD72045B219000126D9 /* ViewController.swift */ = {isa = PBXFileReference; lastKnownFileType = sourcecode.swift; path = ViewController.swift; sourceTree = "<group>"; };
		986A2DDA2045B219000126D9 /* Base */ = {isa = PBXFileReference; lastKnownFileType = file.storyboard; name = Base; path = Base.lproj/Main.storyboard; sourceTree = "<group>"; };
		986A2DDC2045B219000126D9 /* Assets.xcassets */ = {isa = PBXFileReference; lastKnownFileType = folder.assetcatalog; path = Assets.xcassets; sourceTree = "<group>"; };
		986A2DDF2045B219000126D9 /* Base */ = {isa = PBXFileReference; lastKnownFileType = file.storyboard; name = Base; path = Base.lproj/LaunchScreen.storyboard; sourceTree = "<group>"; };
		986A2DE12045B219000126D9 /* Info.plist */ = {isa = PBXFileReference; lastKnownFileType = text.plist.xml; path = Info.plist; sourceTree = "<group>"; };
		986A2DE72045B24B000126D9 /* Data.swift */ = {isa = PBXFileReference; lastKnownFileType = sourcecode.swift; path = Data.swift; sourceTree = "<group>"; };
		986A2DE92045B27D000126D9 /* SingerInfo.swift */ = {isa = PBXFileReference; lastKnownFileType = sourcecode.swift; path = SingerInfo.swift; sourceTree = "<group>"; };
/* End PBXFileReference section */

/* Begin PBXFrameworksBuildPhase section */
		986A2DCF2045B219000126D9 /* Frameworks */ = {
			isa = PBXFrameworksBuildPhase;
			buildActionMask = 2147483647;
			files = (
			);
			runOnlyForDeploymentPostprocessing = 0;
		};
/* End PBXFrameworksBuildPhase section */

/* Begin PBXGroup section */
		986A2DC92045B219000126D9 = {
			isa = PBXGroup;
			children = (
				986A2DD42045B219000126D9 /* 18_02_28_Study */,
				986A2DD32045B219000126D9 /* Products */,
			);
			sourceTree = "<group>";
		};
		986A2DD32045B219000126D9 /* Products */ = {
			isa = PBXGroup;
			children = (
				986A2DD22045B219000126D9 /* 18_02_28_Study.app */,
			);
			name = Products;
			sourceTree = "<group>";
		};
		986A2DD42045B219000126D9 /* 18_02_28_Study */ = {
			isa = PBXGroup;
			children = (
				986A2DD52045B219000126D9 /* AppDelegate.swift */,
				986A2DD72045B219000126D9 /* ViewController.swift */,
				986A2DD92045B219000126D9 /* Main.storyboard */,
				986A2DE92045B27D000126D9 /* SingerInfo.swift */,
				986A2DE72045B24B000126D9 /* Data.swift */,
				986A2DDC2045B219000126D9 /* Assets.xcassets */,
				986A2DDE2045B219000126D9 /* LaunchScreen.storyboard */,
				986A2DE12045B219000126D9 /* Info.plist */,
			);
			path = 18_02_28_Study;
			sourceTree = "<group>";
		};
/* End PBXGroup section */

/* Begin PBXNativeTarget section */
		986A2DD12045B219000126D9 /* 18_02_28_Study */ = {
			isa = PBXNativeTarget;
			buildConfigurationList = 986A2DE42045B219000126D9 /* Build configuration list for PBXNativeTarget "18_02_28_Study" */;
			buildPhases = (
				986A2DCE2045B219000126D9 /* Sources */,
				986A2DCF2045B219000126D9 /* Frameworks */,
				986A2DD02045B219000126D9 /* Resources */,
			);
			buildRules = (
			);
			dependencies = (
			);
			name = 18_02_28_Study;
			productName = 18_02_28_Study;
			productReference = 986A2DD22045B219000126D9 /* 18_02_28_Study.app */;
			productType = "com.apple.product-type.application";
		};
/* End PBXNativeTarget section */

/* Begin PBXProject section */
		986A2DCA2045B219000126D9 /* Project object */ = {
			isa = PBXProject;
			attributes = {
				LastSwiftUpdateCheck = 0920;
				LastUpgradeCheck = 0920;
				ORGANIZATIONNAME = baejiho;
				TargetAttributes = {
					986A2DD12045B219000126D9 = {
						CreatedOnToolsVersion = 9.2;
						ProvisioningStyle = Automatic;
					};
				};
			};
			buildConfigurationList = 986A2DCD2045B219000126D9 /* Build configuration list for PBXProject "18_02_28_Study" */;
			compatibilityVersion = "Xcode 8.0";
			developmentRegion = en;
			hasScannedForEncodings = 0;
			knownRegions = (
				en,
				Base,
			);
			mainGroup = 986A2DC92045B219000126D9;
			productRefGroup = 986A2DD32045B219000126D9 /* Products */;
			projectDirPath = "";
			projectRoot = "";
			targets = (
				986A2DD12045B219000126D9 /* 18_02_28_Study */,
			);
		};
/* End PBXProject section */

/* Begin PBXResourcesBuildPhase section */
		986A2DD02045B219000126D9 /* Resources */ = {
			isa = PBXResourcesBuildPhase;
			buildActionMask = 2147483647;
			files = (
				986A2DE02045B219000126D9 /* LaunchScreen.storyboard in Resources */,
				986A2DDD2045B219000126D9 /* Assets.xcassets in Resources */,
				986A2DDB2045B219000126D9 /* Main.storyboard in Resources */,
			);
			runOnlyForDeploymentPostprocessing = 0;
		};
/* End PBXResourcesBuildPhase section */

/* Begin PBXSourcesBuildPhase section */
		986A2DCE2045B219000126D9 /* Sources */ = {
			isa = PBXSourcesBuildPhase;
			buildActionMask = 2147483647;
			files = (
				986A2DD82045B219000126D9 /* ViewController.swift in Sources */,
				986A2DE82045B24B000126D9 /* Data.swift in Sources */,
				986A2DD62045B219000126D9 /* AppDelegate.swift in Sources */,
				986A2DEA2045B27D000126D9 /* SingerInfo.swift in Sources */,
			);
			runOnlyForDeploymentPostprocessing = 0;
		};
/* End PBXSourcesBuildPhase section */

/* Begin PBXVariantGroup section */
		986A2DD92045B219000126D9 /* Main.storyboard */ = {
			isa = PBXVariantGroup;
			children = (
				986A2DDA2045B219000126D9 /* Base */,
			);
			name = Main.storyboard;
			sourceTree = "<group>";
		};
		986A2DDE2045B219000126D9 /* LaunchScreen.storyboard */ = {
			isa = PBXVariantGroup;
			children = (
				986A2DDF2045B219000126D9 /* Base */,
			);
			name = LaunchScreen.storyboard;
			sourceTree = "<group>";
		};
/* End PBXVariantGroup section */

/* Begin XCBuildConfiguration section */
		986A2DE22045B219000126D9 /* Debug */ = {
			isa = XCBuildConfiguration;
			buildSettings = {
				ALWAYS_SEARCH_USER_PATHS = NO;
				CLANG_ANALYZER_NONNULL = YES;
				CLANG_ANALYZER_NUMBER_OBJECT_CONVERSION = YES_AGGRESSIVE;
				CLANG_CXX_LANGUAGE_STANDARD = "gnu++14";
				CLANG_CXX_LIBRARY = "libc++";
				CLANG_ENABLE_MODULES = YES;
				CLANG_ENABLE_OBJC_ARC = YES;
				CLANG_WARN_BLOCK_CAPTURE_AUTORELEASING = YES;
				CLANG_WARN_BOOL_CONVERSION = YES;
				CLANG_WARN_COMMA = YES;
				CLANG_WARN_CONSTANT_CONVERSION = YES;
				CLANG_WARN_DIRECT_OBJC_ISA_USAGE = YES_ERROR;
				CLANG_WARN_DOCUMENTATION_COMMENTS = YES;
				CLANG_WARN_EMPTY_BODY = YES;
				CLANG_WARN_ENUM_CONVERSION = YES;
				CLANG_WARN_INFINITE_RECURSION = YES;
				CLANG_WARN_INT_CONVERSION = YES;
				CLANG_WARN_NON_LITERAL_NULL_CONVERSION = YES;
				CLANG_WARN_OBJC_LITERAL_CONVERSION = YES;
				CLANG_WARN_OBJC_ROOT_CLASS = YES_ERROR;
				CLANG_WARN_RANGE_LOOP_ANALYSIS = YES;
				CLANG_WARN_STRICT_PROTOTYPES = YES;
				CLANG_WARN_SUSPICIOUS_MOVE = YES;
				CLANG_WARN_UNGUARDED_AVAILABILITY = YES_AGGRESSIVE;
				CLANG_WARN_UNREACHABLE_CODE = YES;
				CLANG_WARN__DUPLICATE_METHOD_MATCH = YES;
				CODE_SIGN_IDENTITY = "iPhone Developer";
				COPY_PHASE_STRIP = NO;
				DEBUG_INFORMATION_FORMAT = dwarf;
				ENABLE_STRICT_OBJC_MSGSEND = YES;
				ENABLE_TESTABILITY = YES;
				GCC_C_LANGUAGE_STANDARD = gnu11;
				GCC_DYNAMIC_NO_PIC = NO;
				GCC_NO_COMMON_BLOCKS = YES;
				GCC_OPTIMIZATION_LEVEL = 0;
				GCC_PREPROCESSOR_DEFINITIONS = (
					"DEBUG=1",
					"$(inherited)",
				);
				GCC_WARN_64_TO_32_BIT_CONVERSION = YES;
				GCC_WARN_ABOUT_RETURN_TYPE = YES_ERROR;
				GCC_WARN_UNDECLARED_SELECTOR = YES;
				GCC_WARN_UNINITIALIZED_AUTOS = YES_AGGRESSIVE;
				GCC_WARN_UNUSED_FUNCTION = YES;
				GCC_WARN_UNUSED_VARIABLE = YES;
				IPHONEOS_DEPLOYMENT_TARGET = 11.2;
				MTL_ENABLE_DEBUG_INFO = YES;
				ONLY_ACTIVE_ARCH = YES;
				SDKROOT = iphoneos;
				SWIFT_ACTIVE_COMPILATION_CONDITIONS = DEBUG;
				SWIFT_OPTIMIZATION_LEVEL = "-Onone";
			};
			name = Debug;
		};
		986A2DE32045B219000126D9 /* Release */ = {
			isa = XCBuildConfiguration;
			buildSettings = {
				ALWAYS_SEARCH_USER_PATHS = NO;
				CLANG_ANALYZER_NONNULL = YES;
				CLANG_ANALYZER_NUMBER_OBJECT_CONVERSION = YES_AGGRESSIVE;
				CLANG_CXX_LANGUAGE_STANDARD = "gnu++14";
				CLANG_CXX_LIBRARY = "libc++";
				CLANG_ENABLE_MODULES = YES;
				CLANG_ENABLE_OBJC_ARC = YES;
				CLANG_WARN_BLOCK_CAPTURE_AUTORELEASING = YES;
				CLANG_WARN_BOOL_CONVERSION = YES;
				CLANG_WARN_COMMA = YES;
				CLANG_WARN_CONSTANT_CONVERSION = YES;
				CLANG_WARN_DIRECT_OBJC_ISA_USAGE = YES_ERROR;
				CLANG_WARN_DOCUMENTATION_COMMENTS = YES;
				CLANG_WARN_EMPTY_BODY = YES;
				CLANG_WARN_ENUM_CONVERSION = YES;
				CLANG_WARN_INFINITE_RECURSION = YES;
				CLANG_WARN_INT_CONVERSION = YES;
				CLANG_WARN_NON_LITERAL_NULL_CONVERSION = YES;
				CLANG_WARN_OBJC_LITERAL_CONVERSION = YES;
				CLANG_WARN_OBJC_ROOT_CLASS = YES_ERROR;
				CLANG_WARN_RANGE_LOOP_ANALYSIS = YES;
				CLANG_WARN_STRICT_PROTOTYPES = YES;
				CLANG_WARN_SUSPICIOUS_MOVE = YES;
				CLANG_WARN_UNGUARDED_AVAILABILITY = YES_AGGRESSIVE;
				CLANG_WARN_UNREACHABLE_CODE = YES;
				CLANG_WARN__DUPLICATE_METHOD_MATCH = YES;
				CODE_SIGN_IDENTITY = "iPhone Developer";
				COPY_PHASE_STRIP = NO;
				DEBUG_INFORMATION_FORMAT = "dwarf-with-dsym";
				ENABLE_NS_ASSERTIONS = NO;
				ENABLE_STRICT_OBJC_MSGSEND = YES;
				GCC_C_LANGUAGE_STANDARD = gnu11;
				GCC_NO_COMMON_BLOCKS = YES;
				GCC_WARN_64_TO_32_BIT_CONVERSION = YES;
				GCC_WARN_ABOUT_RETURN_TYPE = YES_ERROR;
				GCC_WARN_UNDECLARED_SELECTOR = YES;
				GCC_WARN_UNINITIALIZED_AUTOS = YES_AGGRESSIVE;
				GCC_WARN_UNUSED_FUNCTION = YES;
				GCC_WARN_UNUSED_VARIABLE = YES;
				IPHONEOS_DEPLOYMENT_TARGET = 11.2;
				MTL_ENABLE_DEBUG_INFO = NO;
				SDKROOT = iphoneos;
				SWIFT_OPTIMIZATION_LEVEL = "-Owholemodule";
				VALIDATE_PRODUCT = YES;
			};
			name = Release;
		};
		986A2DE52045B219000126D9 /* Debug */ = {
			isa = XCBuildConfiguration;
			buildSettings = {
				ASSETCATALOG_COMPILER_APPICON_NAME = AppIcon;
				CODE_SIGN_STYLE = Automatic;
				INFOPLIST_FILE = 18_02_28_Study/Info.plist;
				LD_RUNPATH_SEARCH_PATHS = "$(inherited) @executable_path/Frameworks";
				PRODUCT_BUNDLE_IDENTIFIER = "com.copca.-8-02-28-Study";
				PRODUCT_NAME = "$(TARGET_NAME)";
				SWIFT_VERSION = 4.0;
				TARGETED_DEVICE_FAMILY = "1,2";
			};
			name = Debug;
		};
		986A2DE62045B219000126D9 /* Release */ = {
			isa = XCBuildConfiguration;
			buildSettings = {
				ASSETCATALOG_COMPILER_APPICON_NAME = AppIcon;
				CODE_SIGN_STYLE = Automatic;
				INFOPLIST_FILE = 18_02_28_Study/Info.plist;
				LD_RUNPATH_SEARCH_PATHS = "$(inherited) @executable_path/Frameworks";
				PRODUCT_BUNDLE_IDENTIFIER = "com.copca.-8-02-28-Study";
				PRODUCT_NAME = "$(TARGET_NAME)";
				SWIFT_VERSION = 4.0;
				TARGETED_DEVICE_FAMILY = "1,2";
			};
			name = Release;
		};
/* End XCBuildConfiguration section */

/* Begin XCConfigurationList section */
		986A2DCD2045B219000126D9 /* Build configuration list for PBXProject "18_02_28_Study" */ = {
			isa = XCConfigurationList;
			buildConfigurations = (
				986A2DE22045B219000126D9 /* Debug */,
				986A2DE32045B219000126D9 /* Release */,
			);
			defaultConfigurationIsVisible = 0;
			defaultConfigurationName = Release;
		};
		986A2DE42045B219000126D9 /* Build configuration list for PBXNativeTarget "18_02_28_Study" */ = {
			isa = XCConfigurationList;
			buildConfigurations = (
				986A2DE52045B219000126D9 /* Debug */,
				986A2DE62045B219000126D9 /* Release */,
			);
			defaultConfigurationIsVisible = 0;
			defaultConfigurationName = Release;
		};
/* End XCConfigurationList section */
	};
	rootObject = 986A2DCA2045B219000126D9 /* Project object */;
}
