// !$*UTF8*$!
{
	archiveVersion = 1;
	classes = {
	};
	objectVersion = 48;
	objects = {

/* Begin PBXBuildFile section */
		984667C1205FC47200C0079D /* AppDelegate.swift in Sources */ = {isa = PBXBuildFile; fileRef = 984667C0205FC47200C0079D /* AppDelegate.swift */; };
		984667C3205FC47200C0079D /* ViewController.swift in Sources */ = {isa = PBXBuildFile; fileRef = 984667C2205FC47200C0079D /* ViewController.swift */; };
		984667C6205FC47200C0079D /* Main.storyboard in Resources */ = {isa = PBXBuildFile; fileRef = 984667C4205FC47200C0079D /* Main.storyboard */; };
		984667CB205FC47200C0079D /* Assets.xcassets in Resources */ = {isa = PBXBuildFile; fileRef = 984667CA205FC47200C0079D /* Assets.xcassets */; };
		984667CE205FC47200C0079D /* LaunchScreen.storyboard in Resources */ = {isa = PBXBuildFile; fileRef = 984667CC205FC47200C0079D /* LaunchScreen.storyboard */; };
		984667D6205FCFCB00C0079D /* NextViewController.swift in Sources */ = {isa = PBXBuildFile; fileRef = 984667D5205FCFCB00C0079D /* NextViewController.swift */; };
/* End PBXBuildFile section */

/* Begin PBXFileReference section */
		984667BD205FC47200C0079D /* 18_03_19.app */ = {isa = PBXFileReference; explicitFileType = wrapper.application; includeInIndex = 0; path = 18_03_19.app; sourceTree = BUILT_PRODUCTS_DIR; };
		984667C0205FC47200C0079D /* AppDelegate.swift */ = {isa = PBXFileReference; lastKnownFileType = sourcecode.swift; path = AppDelegate.swift; sourceTree = "<group>"; };
		984667C2205FC47200C0079D /* ViewController.swift */ = {isa = PBXFileReference; lastKnownFileType = sourcecode.swift; path = ViewController.swift; sourceTree = "<group>"; };
		984667C5205FC47200C0079D /* Base */ = {isa = PBXFileReference; lastKnownFileType = file.storyboard; name = Base; path = Base.lproj/Main.storyboard; sourceTree = "<group>"; };
		984667CA205FC47200C0079D /* Assets.xcassets */ = {isa = PBXFileReference; lastKnownFileType = folder.assetcatalog; path = Assets.xcassets; sourceTree = "<group>"; };
		984667CD205FC47200C0079D /* Base */ = {isa = PBXFileReference; lastKnownFileType = file.storyboard; name = Base; path = Base.lproj/LaunchScreen.storyboard; sourceTree = "<group>"; };
		984667CF205FC47200C0079D /* Info.plist */ = {isa = PBXFileReference; lastKnownFileType = text.plist.xml; path = Info.plist; sourceTree = "<group>"; };
		984667D5205FCFCB00C0079D /* NextViewController.swift */ = {isa = PBXFileReference; lastKnownFileType = sourcecode.swift; path = NextViewController.swift; sourceTree = "<group>"; };
/* End PBXFileReference section */

/* Begin PBXFrameworksBuildPhase section */
		984667BA205FC47200C0079D /* Frameworks */ = {
			isa = PBXFrameworksBuildPhase;
			buildActionMask = 2147483647;
			files = (
			);
			runOnlyForDeploymentPostprocessing = 0;
		};
/* End PBXFrameworksBuildPhase section */

/* Begin PBXGroup section */
		984667B4205FC47200C0079D = {
			isa = PBXGroup;
			children = (
				984667BF205FC47200C0079D /* 18_03_19 */,
				984667BE205FC47200C0079D /* Products */,
			);
			sourceTree = "<group>";
		};
		984667BE205FC47200C0079D /* Products */ = {
			isa = PBXGroup;
			children = (
				984667BD205FC47200C0079D /* 18_03_19.app */,
			);
			name = Products;
			sourceTree = "<group>";
		};
		984667BF205FC47200C0079D /* 18_03_19 */ = {
			isa = PBXGroup;
			children = (
				984667C0205FC47200C0079D /* AppDelegate.swift */,
				984667C2205FC47200C0079D /* ViewController.swift */,
				984667D5205FCFCB00C0079D /* NextViewController.swift */,
				984667C4205FC47200C0079D /* Main.storyboard */,
				984667CA205FC47200C0079D /* Assets.xcassets */,
				984667CC205FC47200C0079D /* LaunchScreen.storyboard */,
				984667CF205FC47200C0079D /* Info.plist */,
			);
			path = 18_03_19;
			sourceTree = "<group>";
		};
/* End PBXGroup section */

/* Begin PBXNativeTarget section */
		984667BC205FC47200C0079D /* 18_03_19 */ = {
			isa = PBXNativeTarget;
			buildConfigurationList = 984667D2205FC47200C0079D /* Build configuration list for PBXNativeTarget "18_03_19" */;
			buildPhases = (
				984667B9205FC47200C0079D /* Sources */,
				984667BA205FC47200C0079D /* Frameworks */,
				984667BB205FC47200C0079D /* Resources */,
			);
			buildRules = (
			);
			dependencies = (
			);
			name = 18_03_19;
			productName = 18_03_19;
			productReference = 984667BD205FC47200C0079D /* 18_03_19.app */;
			productType = "com.apple.product-type.application";
		};
/* End PBXNativeTarget section */

/* Begin PBXProject section */
		984667B5205FC47200C0079D /* Project object */ = {
			isa = PBXProject;
			attributes = {
				LastSwiftUpdateCheck = 0920;
				LastUpgradeCheck = 0920;
				ORGANIZATIONNAME = baejiho;
				TargetAttributes = {
					984667BC205FC47200C0079D = {
						CreatedOnToolsVersion = 9.2;
						ProvisioningStyle = Automatic;
					};
				};
			};
			buildConfigurationList = 984667B8205FC47200C0079D /* Build configuration list for PBXProject "18_03_19" */;
			compatibilityVersion = "Xcode 8.0";
			developmentRegion = en;
			hasScannedForEncodings = 0;
			knownRegions = (
				en,
				Base,
			);
			mainGroup = 984667B4205FC47200C0079D;
			productRefGroup = 984667BE205FC47200C0079D /* Products */;
			projectDirPath = "";
			projectRoot = "";
			targets = (
				984667BC205FC47200C0079D /* 18_03_19 */,
			);
		};
/* End PBXProject section */

/* Begin PBXResourcesBuildPhase section */
		984667BB205FC47200C0079D /* Resources */ = {
			isa = PBXResourcesBuildPhase;
			buildActionMask = 2147483647;
			files = (
				984667CE205FC47200C0079D /* LaunchScreen.storyboard in Resources */,
				984667CB205FC47200C0079D /* Assets.xcassets in Resources */,
				984667C6205FC47200C0079D /* Main.storyboard in Resources */,
			);
			runOnlyForDeploymentPostprocessing = 0;
		};
/* End PBXResourcesBuildPhase section */

/* Begin PBXSourcesBuildPhase section */
		984667B9205FC47200C0079D /* Sources */ = {
			isa = PBXSourcesBuildPhase;
			buildActionMask = 2147483647;
			files = (
				984667C3205FC47200C0079D /* ViewController.swift in Sources */,
				984667D6205FCFCB00C0079D /* NextViewController.swift in Sources */,
				984667C1205FC47200C0079D /* AppDelegate.swift in Sources */,
			);
			runOnlyForDeploymentPostprocessing = 0;
		};
/* End PBXSourcesBuildPhase section */

/* Begin PBXVariantGroup section */
		984667C4205FC47200C0079D /* Main.storyboard */ = {
			isa = PBXVariantGroup;
			children = (
				984667C5205FC47200C0079D /* Base */,
			);
			name = Main.storyboard;
			sourceTree = "<group>";
		};
		984667CC205FC47200C0079D /* LaunchScreen.storyboard */ = {
			isa = PBXVariantGroup;
			children = (
				984667CD205FC47200C0079D /* Base */,
			);
			name = LaunchScreen.storyboard;
			sourceTree = "<group>";
		};
/* End PBXVariantGroup section */

/* Begin XCBuildConfiguration section */
		984667D0205FC47200C0079D /* Debug */ = {
			isa = XCBuildConfiguration;
			buildSettings = {
				ALWAYS_SEARCH_USER_PATHS = NO;
				CLANG_ANALYZER_NONNULL = YES;
				CLANG_ANALYZER_NUMBER_OBJECT_CONVERSION = YES_AGGRESSIVE;
				CLANG_CXX_LANGUAGE_STANDARD = "gnu++14";
				CLANG_CXX_LIBRARY = "libc++";
				CLANG_ENABLE_MODULES = YES;
				CLANG_ENABLE_OBJC_ARC = YES;
				CLANG_WARN_BLOCK_CAPTURE_AUTORELEASING = YES;
				CLANG_WARN_BOOL_CONVERSION = YES;
				CLANG_WARN_COMMA = YES;
				CLANG_WARN_CONSTANT_CONVERSION = YES;
				CLANG_WARN_DIRECT_OBJC_ISA_USAGE = YES_ERROR;
				CLANG_WARN_DOCUMENTATION_COMMENTS = YES;
				CLANG_WARN_EMPTY_BODY = YES;
				CLANG_WARN_ENUM_CONVERSION = YES;
				CLANG_WARN_INFINITE_RECURSION = YES;
				CLANG_WARN_INT_CONVERSION = YES;
				CLANG_WARN_NON_LITERAL_NULL_CONVERSION = YES;
				CLANG_WARN_OBJC_LITERAL_CONVERSION = YES;
				CLANG_WARN_OBJC_ROOT_CLASS = YES_ERROR;
				CLANG_WARN_RANGE_LOOP_ANALYSIS = YES;
				CLANG_WARN_STRICT_PROTOTYPES = YES;
				CLANG_WARN_SUSPICIOUS_MOVE = YES;
				CLANG_WARN_UNGUARDED_AVAILABILITY = YES_AGGRESSIVE;
				CLANG_WARN_UNREACHABLE_CODE = YES;
				CLANG_WARN__DUPLICATE_METHOD_MATCH = YES;
				CODE_SIGN_IDENTITY = "iPhone Developer";
				COPY_PHASE_STRIP = NO;
				DEBUG_INFORMATION_FORMAT = dwarf;
				ENABLE_STRICT_OBJC_MSGSEND = YES;
				ENABLE_TESTABILITY = YES;
				GCC_C_LANGUAGE_STANDARD = gnu11;
				GCC_DYNAMIC_NO_PIC = NO;
				GCC_NO_COMMON_BLOCKS = YES;
				GCC_OPTIMIZATION_LEVEL = 0;
				GCC_PREPROCESSOR_DEFINITIONS = (
					"DEBUG=1",
					"$(inherited)",
				);
				GCC_WARN_64_TO_32_BIT_CONVERSION = YES;
				GCC_WARN_ABOUT_RETURN_TYPE = YES_ERROR;
				GCC_WARN_UNDECLARED_SELECTOR = YES;
				GCC_WARN_UNINITIALIZED_AUTOS = YES_AGGRESSIVE;
				GCC_WARN_UNUSED_FUNCTION = YES;
				GCC_WARN_UNUSED_VARIABLE = YES;
				IPHONEOS_DEPLOYMENT_TARGET = 11.2;
				MTL_ENABLE_DEBUG_INFO = YES;
				ONLY_ACTIVE_ARCH = YES;
				SDKROOT = iphoneos;
				SWIFT_ACTIVE_COMPILATION_CONDITIONS = DEBUG;
				SWIFT_OPTIMIZATION_LEVEL = "-Onone";
			};
			name = Debug;
		};
		984667D1205FC47200C0079D /* Release */ = {
			isa = XCBuildConfiguration;
			buildSettings = {
				ALWAYS_SEARCH_USER_PATHS = NO;
				CLANG_ANALYZER_NONNULL = YES;
				CLANG_ANALYZER_NUMBER_OBJECT_CONVERSION = YES_AGGRESSIVE;
				CLANG_CXX_LANGUAGE_STANDARD = "gnu++14";
				CLANG_CXX_LIBRARY = "libc++";
				CLANG_ENABLE_MODULES = YES;
				CLANG_ENABLE_OBJC_ARC = YES;
				CLANG_WARN_BLOCK_CAPTURE_AUTORELEASING = YES;
				CLANG_WARN_BOOL_CONVERSION = YES;
				CLANG_WARN_COMMA = YES;
				CLANG_WARN_CONSTANT_CONVERSION = YES;
				CLANG_WARN_DIRECT_OBJC_ISA_USAGE = YES_ERROR;
				CLANG_WARN_DOCUMENTATION_COMMENTS = YES;
				CLANG_WARN_EMPTY_BODY = YES;
				CLANG_WARN_ENUM_CONVERSION = YES;
				CLANG_WARN_INFINITE_RECURSION = YES;
				CLANG_WARN_INT_CONVERSION = YES;
				CLANG_WARN_NON_LITERAL_NULL_CONVERSION = YES;
				CLANG_WARN_OBJC_LITERAL_CONVERSION = YES;
				CLANG_WARN_OBJC_ROOT_CLASS = YES_ERROR;
				CLANG_WARN_RANGE_LOOP_ANALYSIS = YES;
				CLANG_WARN_STRICT_PROTOTYPES = YES;
				CLANG_WARN_SUSPICIOUS_MOVE = YES;
				CLANG_WARN_UNGUARDED_AVAILABILITY = YES_AGGRESSIVE;
				CLANG_WARN_UNREACHABLE_CODE = YES;
				CLANG_WARN__DUPLICATE_METHOD_MATCH = YES;
				CODE_SIGN_IDENTITY = "iPhone Developer";
				COPY_PHASE_STRIP = NO;
				DEBUG_INFORMATION_FORMAT = "dwarf-with-dsym";
				ENABLE_NS_ASSERTIONS = NO;
				ENABLE_STRICT_OBJC_MSGSEND = YES;
				GCC_C_LANGUAGE_STANDARD = gnu11;
				GCC_NO_COMMON_BLOCKS = YES;
				GCC_WARN_64_TO_32_BIT_CONVERSION = YES;
				GCC_WARN_ABOUT_RETURN_TYPE = YES_ERROR;
				GCC_WARN_UNDECLARED_SELECTOR = YES;
				GCC_WARN_UNINITIALIZED_AUTOS = YES_AGGRESSIVE;
				GCC_WARN_UNUSED_FUNCTION = YES;
				GCC_WARN_UNUSED_VARIABLE = YES;
				IPHONEOS_DEPLOYMENT_TARGET = 11.2;
				MTL_ENABLE_DEBUG_INFO = NO;
				SDKROOT = iphoneos;
				SWIFT_OPTIMIZATION_LEVEL = "-Owholemodule";
				VALIDATE_PRODUCT = YES;
			};
			name = Release;
		};
		984667D3205FC47200C0079D /* Debug */ = {
			isa = XCBuildConfiguration;
			buildSettings = {
				ASSETCATALOG_COMPILER_APPICON_NAME = AppIcon;
				CODE_SIGN_STYLE = Automatic;
				INFOPLIST_FILE = 18_03_19/Info.plist;
				LD_RUNPATH_SEARCH_PATHS = "$(inherited) @executable_path/Frameworks";
				PRODUCT_BUNDLE_IDENTIFIER = "com.copca.-8-03-19";
				PRODUCT_NAME = "$(TARGET_NAME)";
				SWIFT_VERSION = 4.0;
				TARGETED_DEVICE_FAMILY = "1,2";
			};
			name = Debug;
		};
		984667D4205FC47200C0079D /* Release */ = {
			isa = XCBuildConfiguration;
			buildSettings = {
				ASSETCATALOG_COMPILER_APPICON_NAME = AppIcon;
				CODE_SIGN_STYLE = Automatic;
				INFOPLIST_FILE = 18_03_19/Info.plist;
				LD_RUNPATH_SEARCH_PATHS = "$(inherited) @executable_path/Frameworks";
				PRODUCT_BUNDLE_IDENTIFIER = "com.copca.-8-03-19";
				PRODUCT_NAME = "$(TARGET_NAME)";
				SWIFT_VERSION = 4.0;
				TARGETED_DEVICE_FAMILY = "1,2";
			};
			name = Release;
		};
/* End XCBuildConfiguration section */

/* Begin XCConfigurationList section */
		984667B8205FC47200C0079D /* Build configuration list for PBXProject "18_03_19" */ = {
			isa = XCConfigurationList;
			buildConfigurations = (
				984667D0205FC47200C0079D /* Debug */,
				984667D1205FC47200C0079D /* Release */,
			);
			defaultConfigurationIsVisible = 0;
			defaultConfigurationName = Release;
		};
		984667D2205FC47200C0079D /* Build configuration list for PBXNativeTarget "18_03_19" */ = {
			isa = XCConfigurationList;
			buildConfigurations = (
				984667D3205FC47200C0079D /* Debug */,
				984667D4205FC47200C0079D /* Release */,
			);
			defaultConfigurationIsVisible = 0;
			defaultConfigurationName = Release;
		};
/* End XCConfigurationList section */
	};
	rootObject = 984667B5205FC47200C0079D /* Project object */;
}
