// !$*UTF8*$!
{
	archiveVersion = 1;
	classes = {
	};
	objectVersion = 48;
	objects = {

/* Begin PBXBuildFile section */
		9868D95F20592ED400E58C26 /* AppDelegate.swift in Sources */ = {isa = PBXBuildFile; fileRef = 9868D95E20592ED400E58C26 /* AppDelegate.swift */; };
		9868D96120592ED400E58C26 /* ViewController.swift in Sources */ = {isa = PBXBuildFile; fileRef = 9868D96020592ED400E58C26 /* ViewController.swift */; };
		9868D96420592ED400E58C26 /* Main.storyboard in Resources */ = {isa = PBXBuildFile; fileRef = 9868D96220592ED400E58C26 /* Main.storyboard */; };
		9868D96720592ED400E58C26 /* _8_03_14_Test.xcdatamodeld in Sources */ = {isa = PBXBuildFile; fileRef = 9868D96520592ED400E58C26 /* _8_03_14_Test.xcdatamodeld */; };
		9868D96920592ED400E58C26 /* Assets.xcassets in Resources */ = {isa = PBXBuildFile; fileRef = 9868D96820592ED400E58C26 /* Assets.xcassets */; };
		9868D96C20592ED400E58C26 /* LaunchScreen.storyboard in Resources */ = {isa = PBXBuildFile; fileRef = 9868D96A20592ED400E58C26 /* LaunchScreen.storyboard */; };
/* End PBXBuildFile section */

/* Begin PBXFileReference section */
		9868D95B20592ED400E58C26 /* 18_03_14_Test.app */ = {isa = PBXFileReference; explicitFileType = wrapper.application; includeInIndex = 0; path = 18_03_14_Test.app; sourceTree = BUILT_PRODUCTS_DIR; };
		9868D95E20592ED400E58C26 /* AppDelegate.swift */ = {isa = PBXFileReference; lastKnownFileType = sourcecode.swift; path = AppDelegate.swift; sourceTree = "<group>"; };
		9868D96020592ED400E58C26 /* ViewController.swift */ = {isa = PBXFileReference; lastKnownFileType = sourcecode.swift; path = ViewController.swift; sourceTree = "<group>"; };
		9868D96320592ED400E58C26 /* Base */ = {isa = PBXFileReference; lastKnownFileType = file.storyboard; name = Base; path = Base.lproj/Main.storyboard; sourceTree = "<group>"; };
		9868D96620592ED400E58C26 /* _8_03_14_Test.xcdatamodel */ = {isa = PBXFileReference; lastKnownFileType = wrapper.xcdatamodel; path = _8_03_14_Test.xcdatamodel; sourceTree = "<group>"; };
		9868D96820592ED400E58C26 /* Assets.xcassets */ = {isa = PBXFileReference; lastKnownFileType = folder.assetcatalog; path = Assets.xcassets; sourceTree = "<group>"; };
		9868D96B20592ED400E58C26 /* Base */ = {isa = PBXFileReference; lastKnownFileType = file.storyboard; name = Base; path = Base.lproj/LaunchScreen.storyboard; sourceTree = "<group>"; };
		9868D96D20592ED400E58C26 /* Info.plist */ = {isa = PBXFileReference; lastKnownFileType = text.plist.xml; path = Info.plist; sourceTree = "<group>"; };
/* End PBXFileReference section */

/* Begin PBXFrameworksBuildPhase section */
		9868D95820592ED400E58C26 /* Frameworks */ = {
			isa = PBXFrameworksBuildPhase;
			buildActionMask = 2147483647;
			files = (
			);
			runOnlyForDeploymentPostprocessing = 0;
		};
/* End PBXFrameworksBuildPhase section */

/* Begin PBXGroup section */
		9868D95220592ED400E58C26 = {
			isa = PBXGroup;
			children = (
				9868D95D20592ED400E58C26 /* 18_03_14_Test */,
				9868D95C20592ED400E58C26 /* Products */,
			);
			sourceTree = "<group>";
		};
		9868D95C20592ED400E58C26 /* Products */ = {
			isa = PBXGroup;
			children = (
				9868D95B20592ED400E58C26 /* 18_03_14_Test.app */,
			);
			name = Products;
			sourceTree = "<group>";
		};
		9868D95D20592ED400E58C26 /* 18_03_14_Test */ = {
			isa = PBXGroup;
			children = (
				9868D95E20592ED400E58C26 /* AppDelegate.swift */,
				9868D96020592ED400E58C26 /* ViewController.swift */,
				9868D96220592ED400E58C26 /* Main.storyboard */,
				9868D96820592ED400E58C26 /* Assets.xcassets */,
				9868D96A20592ED400E58C26 /* LaunchScreen.storyboard */,
				9868D96D20592ED400E58C26 /* Info.plist */,
				9868D96520592ED400E58C26 /* _8_03_14_Test.xcdatamodeld */,
			);
			path = 18_03_14_Test;
			sourceTree = "<group>";
		};
/* End PBXGroup section */

/* Begin PBXNativeTarget section */
		9868D95A20592ED400E58C26 /* 18_03_14_Test */ = {
			isa = PBXNativeTarget;
			buildConfigurationList = 9868D97020592ED500E58C26 /* Build configuration list for PBXNativeTarget "18_03_14_Test" */;
			buildPhases = (
				9868D95720592ED400E58C26 /* Sources */,
				9868D95820592ED400E58C26 /* Frameworks */,
				9868D95920592ED400E58C26 /* Resources */,
			);
			buildRules = (
			);
			dependencies = (
			);
			name = 18_03_14_Test;
			productName = 18_03_14_Test;
			productReference = 9868D95B20592ED400E58C26 /* 18_03_14_Test.app */;
			productType = "com.apple.product-type.application";
		};
/* End PBXNativeTarget section */

/* Begin PBXProject section */
		9868D95320592ED400E58C26 /* Project object */ = {
			isa = PBXProject;
			attributes = {
				LastSwiftUpdateCheck = 0920;
				LastUpgradeCheck = 0920;
				ORGANIZATIONNAME = baejiho;
				TargetAttributes = {
					9868D95A20592ED400E58C26 = {
						CreatedOnToolsVersion = 9.2;
						ProvisioningStyle = Automatic;
					};
				};
			};
			buildConfigurationList = 9868D95620592ED400E58C26 /* Build configuration list for PBXProject "18_03_14_Test" */;
			compatibilityVersion = "Xcode 8.0";
			developmentRegion = en;
			hasScannedForEncodings = 0;
			knownRegions = (
				en,
				Base,
			);
			mainGroup = 9868D95220592ED400E58C26;
			productRefGroup = 9868D95C20592ED400E58C26 /* Products */;
			projectDirPath = "";
			projectRoot = "";
			targets = (
				9868D95A20592ED400E58C26 /* 18_03_14_Test */,
			);
		};
/* End PBXProject section */

/* Begin PBXResourcesBuildPhase section */
		9868D95920592ED400E58C26 /* Resources */ = {
			isa = PBXResourcesBuildPhase;
			buildActionMask = 2147483647;
			files = (
				9868D96C20592ED400E58C26 /* LaunchScreen.storyboard in Resources */,
				9868D96920592ED400E58C26 /* Assets.xcassets in Resources */,
				9868D96420592ED400E58C26 /* Main.storyboard in Resources */,
			);
			runOnlyForDeploymentPostprocessing = 0;
		};
/* End PBXResourcesBuildPhase section */

/* Begin PBXSourcesBuildPhase section */
		9868D95720592ED400E58C26 /* Sources */ = {
			isa = PBXSourcesBuildPhase;
			buildActionMask = 2147483647;
			files = (
				9868D96120592ED400E58C26 /* ViewController.swift in Sources */,
				9868D96720592ED400E58C26 /* _8_03_14_Test.xcdatamodeld in Sources */,
				9868D95F20592ED400E58C26 /* AppDelegate.swift in Sources */,
			);
			runOnlyForDeploymentPostprocessing = 0;
		};
/* End PBXSourcesBuildPhase section */

/* Begin PBXVariantGroup section */
		9868D96220592ED400E58C26 /* Main.storyboard */ = {
			isa = PBXVariantGroup;
			children = (
				9868D96320592ED400E58C26 /* Base */,
			);
			name = Main.storyboard;
			sourceTree = "<group>";
		};
		9868D96A20592ED400E58C26 /* LaunchScreen.storyboard */ = {
			isa = PBXVariantGroup;
			children = (
				9868D96B20592ED400E58C26 /* Base */,
			);
			name = LaunchScreen.storyboard;
			sourceTree = "<group>";
		};
/* End PBXVariantGroup section */

/* Begin XCBuildConfiguration section */
		9868D96E20592ED500E58C26 /* Debug */ = {
			isa = XCBuildConfiguration;
			buildSettings = {
				ALWAYS_SEARCH_USER_PATHS = NO;
				CLANG_ANALYZER_NONNULL = YES;
				CLANG_ANALYZER_NUMBER_OBJECT_CONVERSION = YES_AGGRESSIVE;
				CLANG_CXX_LANGUAGE_STANDARD = "gnu++14";
				CLANG_CXX_LIBRARY = "libc++";
				CLANG_ENABLE_MODULES = YES;
				CLANG_ENABLE_OBJC_ARC = YES;
				CLANG_WARN_BLOCK_CAPTURE_AUTORELEASING = YES;
				CLANG_WARN_BOOL_CONVERSION = YES;
				CLANG_WARN_COMMA = YES;
				CLANG_WARN_CONSTANT_CONVERSION = YES;
				CLANG_WARN_DIRECT_OBJC_ISA_USAGE = YES_ERROR;
				CLANG_WARN_DOCUMENTATION_COMMENTS = YES;
				CLANG_WARN_EMPTY_BODY = YES;
				CLANG_WARN_ENUM_CONVERSION = YES;
				CLANG_WARN_INFINITE_RECURSION = YES;
				CLANG_WARN_INT_CONVERSION = YES;
				CLANG_WARN_NON_LITERAL_NULL_CONVERSION = YES;
				CLANG_WARN_OBJC_LITERAL_CONVERSION = YES;
				CLANG_WARN_OBJC_ROOT_CLASS = YES_ERROR;
				CLANG_WARN_RANGE_LOOP_ANALYSIS = YES;
				CLANG_WARN_STRICT_PROTOTYPES = YES;
				CLANG_WARN_SUSPICIOUS_MOVE = YES;
				CLANG_WARN_UNGUARDED_AVAILABILITY = YES_AGGRESSIVE;
				CLANG_WARN_UNREACHABLE_CODE = YES;
				CLANG_WARN__DUPLICATE_METHOD_MATCH = YES;
				CODE_SIGN_IDENTITY = "iPhone Developer";
				COPY_PHASE_STRIP = NO;
				DEBUG_INFORMATION_FORMAT = dwarf;
				ENABLE_STRICT_OBJC_MSGSEND = YES;
				ENABLE_TESTABILITY = YES;
				GCC_C_LANGUAGE_STANDARD = gnu11;
				GCC_DYNAMIC_NO_PIC = NO;
				GCC_NO_COMMON_BLOCKS = YES;
				GCC_OPTIMIZATION_LEVEL = 0;
				GCC_PREPROCESSOR_DEFINITIONS = (
					"DEBUG=1",
					"$(inherited)",
				);
				GCC_WARN_64_TO_32_BIT_CONVERSION = YES;
				GCC_WARN_ABOUT_RETURN_TYPE = YES_ERROR;
				GCC_WARN_UNDECLARED_SELECTOR = YES;
				GCC_WARN_UNINITIALIZED_AUTOS = YES_AGGRESSIVE;
				GCC_WARN_UNUSED_FUNCTION = YES;
				GCC_WARN_UNUSED_VARIABLE = YES;
				IPHONEOS_DEPLOYMENT_TARGET = 11.2;
				MTL_ENABLE_DEBUG_INFO = YES;
				ONLY_ACTIVE_ARCH = YES;
				SDKROOT = iphoneos;
				SWIFT_ACTIVE_COMPILATION_CONDITIONS = DEBUG;
				SWIFT_OPTIMIZATION_LEVEL = "-Onone";
			};
			name = Debug;
		};
		9868D96F20592ED500E58C26 /* Release */ = {
			isa = XCBuildConfiguration;
			buildSettings = {
				ALWAYS_SEARCH_USER_PATHS = NO;
				CLANG_ANALYZER_NONNULL = YES;
				CLANG_ANALYZER_NUMBER_OBJECT_CONVERSION = YES_AGGRESSIVE;
				CLANG_CXX_LANGUAGE_STANDARD = "gnu++14";
				CLANG_CXX_LIBRARY = "libc++";
				CLANG_ENABLE_MODULES = YES;
				CLANG_ENABLE_OBJC_ARC = YES;
				CLANG_WARN_BLOCK_CAPTURE_AUTORELEASING = YES;
				CLANG_WARN_BOOL_CONVERSION = YES;
				CLANG_WARN_COMMA = YES;
				CLANG_WARN_CONSTANT_CONVERSION = YES;
				CLANG_WARN_DIRECT_OBJC_ISA_USAGE = YES_ERROR;
				CLANG_WARN_DOCUMENTATION_COMMENTS = YES;
				CLANG_WARN_EMPTY_BODY = YES;
				CLANG_WARN_ENUM_CONVERSION = YES;
				CLANG_WARN_INFINITE_RECURSION = YES;
				CLANG_WARN_INT_CONVERSION = YES;
				CLANG_WARN_NON_LITERAL_NULL_CONVERSION = YES;
				CLANG_WARN_OBJC_LITERAL_CONVERSION = YES;
				CLANG_WARN_OBJC_ROOT_CLASS = YES_ERROR;
				CLANG_WARN_RANGE_LOOP_ANALYSIS = YES;
				CLANG_WARN_STRICT_PROTOTYPES = YES;
				CLANG_WARN_SUSPICIOUS_MOVE = YES;
				CLANG_WARN_UNGUARDED_AVAILABILITY = YES_AGGRESSIVE;
				CLANG_WARN_UNREACHABLE_CODE = YES;
				CLANG_WARN__DUPLICATE_METHOD_MATCH = YES;
				CODE_SIGN_IDENTITY = "iPhone Developer";
				COPY_PHASE_STRIP = NO;
				DEBUG_INFORMATION_FORMAT = "dwarf-with-dsym";
				ENABLE_NS_ASSERTIONS = NO;
				ENABLE_STRICT_OBJC_MSGSEND = YES;
				GCC_C_LANGUAGE_STANDARD = gnu11;
				GCC_NO_COMMON_BLOCKS = YES;
				GCC_WARN_64_TO_32_BIT_CONVERSION = YES;
				GCC_WARN_ABOUT_RETURN_TYPE = YES_ERROR;
				GCC_WARN_UNDECLARED_SELECTOR = YES;
				GCC_WARN_UNINITIALIZED_AUTOS = YES_AGGRESSIVE;
				GCC_WARN_UNUSED_FUNCTION = YES;
				GCC_WARN_UNUSED_VARIABLE = YES;
				IPHONEOS_DEPLOYMENT_TARGET = 11.2;
				MTL_ENABLE_DEBUG_INFO = NO;
				SDKROOT = iphoneos;
				SWIFT_OPTIMIZATION_LEVEL = "-Owholemodule";
				VALIDATE_PRODUCT = YES;
			};
			name = Release;
		};
		9868D97120592ED500E58C26 /* Debug */ = {
			isa = XCBuildConfiguration;
			buildSettings = {
				ASSETCATALOG_COMPILER_APPICON_NAME = AppIcon;
				CODE_SIGN_STYLE = Automatic;
				INFOPLIST_FILE = 18_03_14_Test/Info.plist;
				LD_RUNPATH_SEARCH_PATHS = "$(inherited) @executable_path/Frameworks";
				PRODUCT_BUNDLE_IDENTIFIER = "com.copca.-8-03-14-Test";
				PRODUCT_NAME = "$(TARGET_NAME)";
				SWIFT_VERSION = 4.0;
				TARGETED_DEVICE_FAMILY = "1,2";
			};
			name = Debug;
		};
		9868D97220592ED500E58C26 /* Release */ = {
			isa = XCBuildConfiguration;
			buildSettings = {
				ASSETCATALOG_COMPILER_APPICON_NAME = AppIcon;
				CODE_SIGN_STYLE = Automatic;
				INFOPLIST_FILE = 18_03_14_Test/Info.plist;
				LD_RUNPATH_SEARCH_PATHS = "$(inherited) @executable_path/Frameworks";
				PRODUCT_BUNDLE_IDENTIFIER = "com.copca.-8-03-14-Test";
				PRODUCT_NAME = "$(TARGET_NAME)";
				SWIFT_VERSION = 4.0;
				TARGETED_DEVICE_FAMILY = "1,2";
			};
			name = Release;
		};
/* End XCBuildConfiguration section */

/* Begin XCConfigurationList section */
		9868D95620592ED400E58C26 /* Build configuration list for PBXProject "18_03_14_Test" */ = {
			isa = XCConfigurationList;
			buildConfigurations = (
				9868D96E20592ED500E58C26 /* Debug */,
				9868D96F20592ED500E58C26 /* Release */,
			);
			defaultConfigurationIsVisible = 0;
			defaultConfigurationName = Release;
		};
		9868D97020592ED500E58C26 /* Build configuration list for PBXNativeTarget "18_03_14_Test" */ = {
			isa = XCConfigurationList;
			buildConfigurations = (
				9868D97120592ED500E58C26 /* Debug */,
				9868D97220592ED500E58C26 /* Release */,
			);
			defaultConfigurationIsVisible = 0;
			defaultConfigurationName = Release;
		};
/* End XCConfigurationList section */

/* Begin XCVersionGroup section */
		9868D96520592ED400E58C26 /* _8_03_14_Test.xcdatamodeld */ = {
			isa = XCVersionGroup;
			children = (
				9868D96620592ED400E58C26 /* _8_03_14_Test.xcdatamodel */,
			);
			currentVersion = 9868D96620592ED400E58C26 /* _8_03_14_Test.xcdatamodel */;
			path = _8_03_14_Test.xcdatamodeld;
			sourceTree = "<group>";
			versionGroupType = wrapper.xcdatamodel;
		};
/* End XCVersionGroup section */
	};
	rootObject = 9868D95320592ED400E58C26 /* Project object */;
}
