// !$*UTF8*$!
{
	archiveVersion = 1;
	classes = {
	};
	objectVersion = 48;
	objects = {

/* Begin PBXBuildFile section */
		98AD29512058DDEA0054ACE4 /* seed.json in Resources */ = {isa = PBXBuildFile; fileRef = 98AD29502058DDE90054ACE4 /* seed.json */; };
		98AD29532058DEF70054ACE4 /* TeamCell.swift in Sources */ = {isa = PBXBuildFile; fileRef = 98AD29522058DEF70054ACE4 /* TeamCell.swift */; };
		98AD29552058E0090054ACE4 /* CoreDataStack.swift in Sources */ = {isa = PBXBuildFile; fileRef = 98AD29542058E0090054ACE4 /* CoreDataStack.swift */; };
		98B771ED2058DCDB001BB455 /* AppDelegate.swift in Sources */ = {isa = PBXBuildFile; fileRef = 98B771EC2058DCDB001BB455 /* AppDelegate.swift */; };
		98B771EF2058DCDB001BB455 /* ViewController.swift in Sources */ = {isa = PBXBuildFile; fileRef = 98B771EE2058DCDB001BB455 /* ViewController.swift */; };
		98B771F22058DCDB001BB455 /* Main.storyboard in Resources */ = {isa = PBXBuildFile; fileRef = 98B771F02058DCDB001BB455 /* Main.storyboard */; };
		98B771F52058DCDB001BB455 /* _8_03_14_NSFetchResultsController.xcdatamodeld in Sources */ = {isa = PBXBuildFile; fileRef = 98B771F32058DCDB001BB455 /* _8_03_14_NSFetchResultsController.xcdatamodeld */; };
		98B771F72058DCDB001BB455 /* Assets.xcassets in Resources */ = {isa = PBXBuildFile; fileRef = 98B771F62058DCDB001BB455 /* Assets.xcassets */; };
		98B771FA2058DCDB001BB455 /* LaunchScreen.storyboard in Resources */ = {isa = PBXBuildFile; fileRef = 98B771F82058DCDB001BB455 /* LaunchScreen.storyboard */; };
		98B772032058DD7C001BB455 /* Team+CoreDataClass.swift in Sources */ = {isa = PBXBuildFile; fileRef = 98B772012058DD7C001BB455 /* Team+CoreDataClass.swift */; };
		98B772042058DD7C001BB455 /* Team+CoreDataProperties.swift in Sources */ = {isa = PBXBuildFile; fileRef = 98B772022058DD7C001BB455 /* Team+CoreDataProperties.swift */; };
		98DF30B920590AC3009CD77E /* attribution.txt in Resources */ = {isa = PBXBuildFile; fileRef = 98DF30B820590AC3009CD77E /* attribution.txt */; };
/* End PBXBuildFile section */

/* Begin PBXFileReference section */
		98AD29502058DDE90054ACE4 /* seed.json */ = {isa = PBXFileReference; fileEncoding = 4; lastKnownFileType = text.json; path = seed.json; sourceTree = "<group>"; };
		98AD29522058DEF70054ACE4 /* TeamCell.swift */ = {isa = PBXFileReference; lastKnownFileType = sourcecode.swift; path = TeamCell.swift; sourceTree = "<group>"; };
		98AD29542058E0090054ACE4 /* CoreDataStack.swift */ = {isa = PBXFileReference; lastKnownFileType = sourcecode.swift; path = CoreDataStack.swift; sourceTree = "<group>"; };
		98B771E92058DCDB001BB455 /* 18_03_14_NSFetchResultsController.app */ = {isa = PBXFileReference; explicitFileType = wrapper.application; includeInIndex = 0; path = 18_03_14_NSFetchResultsController.app; sourceTree = BUILT_PRODUCTS_DIR; };
		98B771EC2058DCDB001BB455 /* AppDelegate.swift */ = {isa = PBXFileReference; lastKnownFileType = sourcecode.swift; path = AppDelegate.swift; sourceTree = "<group>"; };
		98B771EE2058DCDB001BB455 /* ViewController.swift */ = {isa = PBXFileReference; lastKnownFileType = sourcecode.swift; path = ViewController.swift; sourceTree = "<group>"; };
		98B771F12058DCDB001BB455 /* Base */ = {isa = PBXFileReference; lastKnownFileType = file.storyboard; name = Base; path = Base.lproj/Main.storyboard; sourceTree = "<group>"; };
		98B771F42058DCDB001BB455 /* _8_03_14_NSFetchResultsController.xcdatamodel */ = {isa = PBXFileReference; lastKnownFileType = wrapper.xcdatamodel; path = _8_03_14_NSFetchResultsController.xcdatamodel; sourceTree = "<group>"; };
		98B771F62058DCDB001BB455 /* Assets.xcassets */ = {isa = PBXFileReference; lastKnownFileType = folder.assetcatalog; path = Assets.xcassets; sourceTree = "<group>"; };
		98B771F92058DCDB001BB455 /* Base */ = {isa = PBXFileReference; lastKnownFileType = file.storyboard; name = Base; path = Base.lproj/LaunchScreen.storyboard; sourceTree = "<group>"; };
		98B771FB2058DCDB001BB455 /* Info.plist */ = {isa = PBXFileReference; lastKnownFileType = text.plist.xml; path = Info.plist; sourceTree = "<group>"; };
		98B772012058DD7C001BB455 /* Team+CoreDataClass.swift */ = {isa = PBXFileReference; lastKnownFileType = sourcecode.swift; path = "Team+CoreDataClass.swift"; sourceTree = "<group>"; };
		98B772022058DD7C001BB455 /* Team+CoreDataProperties.swift */ = {isa = PBXFileReference; lastKnownFileType = sourcecode.swift; path = "Team+CoreDataProperties.swift"; sourceTree = "<group>"; };
		98DF30B820590AC3009CD77E /* attribution.txt */ = {isa = PBXFileReference; fileEncoding = 4; lastKnownFileType = text; path = attribution.txt; sourceTree = "<group>"; };
/* End PBXFileReference section */

/* Begin PBXFrameworksBuildPhase section */
		98B771E62058DCDB001BB455 /* Frameworks */ = {
			isa = PBXFrameworksBuildPhase;
			buildActionMask = 2147483647;
			files = (
			);
			runOnlyForDeploymentPostprocessing = 0;
		};
/* End PBXFrameworksBuildPhase section */

/* Begin PBXGroup section */
		98B771E02058DCDB001BB455 = {
			isa = PBXGroup;
			children = (
				98B771EB2058DCDB001BB455 /* 18_03_14_NSFetchResultsController */,
				98B771EA2058DCDB001BB455 /* Products */,
			);
			sourceTree = "<group>";
		};
		98B771EA2058DCDB001BB455 /* Products */ = {
			isa = PBXGroup;
			children = (
				98B771E92058DCDB001BB455 /* 18_03_14_NSFetchResultsController.app */,
			);
			name = Products;
			sourceTree = "<group>";
		};
		98B771EB2058DCDB001BB455 /* 18_03_14_NSFetchResultsController */ = {
			isa = PBXGroup;
			children = (
				98B772012058DD7C001BB455 /* Team+CoreDataClass.swift */,
				98B772022058DD7C001BB455 /* Team+CoreDataProperties.swift */,
				98B771EC2058DCDB001BB455 /* AppDelegate.swift */,
				98AD29542058E0090054ACE4 /* CoreDataStack.swift */,
				98B771EE2058DCDB001BB455 /* ViewController.swift */,
				98B771F02058DCDB001BB455 /* Main.storyboard */,
				98AD29522058DEF70054ACE4 /* TeamCell.swift */,
				98B771F62058DCDB001BB455 /* Assets.xcassets */,
				98B771F82058DCDB001BB455 /* LaunchScreen.storyboard */,
				98AD29502058DDE90054ACE4 /* seed.json */,
				98B771FB2058DCDB001BB455 /* Info.plist */,
				98DF30B820590AC3009CD77E /* attribution.txt */,
				98B771F32058DCDB001BB455 /* _8_03_14_NSFetchResultsController.xcdatamodeld */,
			);
			path = 18_03_14_NSFetchResultsController;
			sourceTree = "<group>";
		};
/* End PBXGroup section */

/* Begin PBXNativeTarget section */
		98B771E82058DCDB001BB455 /* 18_03_14_NSFetchResultsController */ = {
			isa = PBXNativeTarget;
			buildConfigurationList = 98B771FE2058DCDB001BB455 /* Build configuration list for PBXNativeTarget "18_03_14_NSFetchResultsController" */;
			buildPhases = (
				98B771E52058DCDB001BB455 /* Sources */,
				98B771E62058DCDB001BB455 /* Frameworks */,
				98B771E72058DCDB001BB455 /* Resources */,
			);
			buildRules = (
			);
			dependencies = (
			);
			name = 18_03_14_NSFetchResultsController;
			productName = 18_03_14_NSFetchResultsController;
			productReference = 98B771E92058DCDB001BB455 /* 18_03_14_NSFetchResultsController.app */;
			productType = "com.apple.product-type.application";
		};
/* End PBXNativeTarget section */

/* Begin PBXProject section */
		98B771E12058DCDB001BB455 /* Project object */ = {
			isa = PBXProject;
			attributes = {
				LastSwiftUpdateCheck = 0920;
				LastUpgradeCheck = 0920;
				ORGANIZATIONNAME = baejiho;
				TargetAttributes = {
					98B771E82058DCDB001BB455 = {
						CreatedOnToolsVersion = 9.2;
						ProvisioningStyle = Automatic;
					};
				};
			};
			buildConfigurationList = 98B771E42058DCDB001BB455 /* Build configuration list for PBXProject "18_03_14_NSFetchResultsController" */;
			compatibilityVersion = "Xcode 8.0";
			developmentRegion = en;
			hasScannedForEncodings = 0;
			knownRegions = (
				en,
				Base,
			);
			mainGroup = 98B771E02058DCDB001BB455;
			productRefGroup = 98B771EA2058DCDB001BB455 /* Products */;
			projectDirPath = "";
			projectRoot = "";
			targets = (
				98B771E82058DCDB001BB455 /* 18_03_14_NSFetchResultsController */,
			);
		};
/* End PBXProject section */

/* Begin PBXResourcesBuildPhase section */
		98B771E72058DCDB001BB455 /* Resources */ = {
			isa = PBXResourcesBuildPhase;
			buildActionMask = 2147483647;
			files = (
				98B771FA2058DCDB001BB455 /* LaunchScreen.storyboard in Resources */,
				98B771F72058DCDB001BB455 /* Assets.xcassets in Resources */,
				98AD29512058DDEA0054ACE4 /* seed.json in Resources */,
				98B771F22058DCDB001BB455 /* Main.storyboard in Resources */,
				98DF30B920590AC3009CD77E /* attribution.txt in Resources */,
			);
			runOnlyForDeploymentPostprocessing = 0;
		};
/* End PBXResourcesBuildPhase section */

/* Begin PBXSourcesBuildPhase section */
		98B771E52058DCDB001BB455 /* Sources */ = {
			isa = PBXSourcesBuildPhase;
			buildActionMask = 2147483647;
			files = (
				98AD29552058E0090054ACE4 /* CoreDataStack.swift in Sources */,
				98B771EF2058DCDB001BB455 /* ViewController.swift in Sources */,
				98B771F52058DCDB001BB455 /* _8_03_14_NSFetchResultsController.xcdatamodeld in Sources */,
				98AD29532058DEF70054ACE4 /* TeamCell.swift in Sources */,
				98B772032058DD7C001BB455 /* Team+CoreDataClass.swift in Sources */,
				98B771ED2058DCDB001BB455 /* AppDelegate.swift in Sources */,
				98B772042058DD7C001BB455 /* Team+CoreDataProperties.swift in Sources */,
			);
			runOnlyForDeploymentPostprocessing = 0;
		};
/* End PBXSourcesBuildPhase section */

/* Begin PBXVariantGroup section */
		98B771F02058DCDB001BB455 /* Main.storyboard */ = {
			isa = PBXVariantGroup;
			children = (
				98B771F12058DCDB001BB455 /* Base */,
			);
			name = Main.storyboard;
			sourceTree = "<group>";
		};
		98B771F82058DCDB001BB455 /* LaunchScreen.storyboard */ = {
			isa = PBXVariantGroup;
			children = (
				98B771F92058DCDB001BB455 /* Base */,
			);
			name = LaunchScreen.storyboard;
			sourceTree = "<group>";
		};
/* End PBXVariantGroup section */

/* Begin XCBuildConfiguration section */
		98B771FC2058DCDB001BB455 /* Debug */ = {
			isa = XCBuildConfiguration;
			buildSettings = {
				ALWAYS_SEARCH_USER_PATHS = NO;
				CLANG_ANALYZER_NONNULL = YES;
				CLANG_ANALYZER_NUMBER_OBJECT_CONVERSION = YES_AGGRESSIVE;
				CLANG_CXX_LANGUAGE_STANDARD = "gnu++14";
				CLANG_CXX_LIBRARY = "libc++";
				CLANG_ENABLE_MODULES = YES;
				CLANG_ENABLE_OBJC_ARC = YES;
				CLANG_WARN_BLOCK_CAPTURE_AUTORELEASING = YES;
				CLANG_WARN_BOOL_CONVERSION = YES;
				CLANG_WARN_COMMA = YES;
				CLANG_WARN_CONSTANT_CONVERSION = YES;
				CLANG_WARN_DIRECT_OBJC_ISA_USAGE = YES_ERROR;
				CLANG_WARN_DOCUMENTATION_COMMENTS = YES;
				CLANG_WARN_EMPTY_BODY = YES;
				CLANG_WARN_ENUM_CONVERSION = YES;
				CLANG_WARN_INFINITE_RECURSION = YES;
				CLANG_WARN_INT_CONVERSION = YES;
				CLANG_WARN_NON_LITERAL_NULL_CONVERSION = YES;
				CLANG_WARN_OBJC_LITERAL_CONVERSION = YES;
				CLANG_WARN_OBJC_ROOT_CLASS = YES_ERROR;
				CLANG_WARN_RANGE_LOOP_ANALYSIS = YES;
				CLANG_WARN_STRICT_PROTOTYPES = YES;
				CLANG_WARN_SUSPICIOUS_MOVE = YES;
				CLANG_WARN_UNGUARDED_AVAILABILITY = YES_AGGRESSIVE;
				CLANG_WARN_UNREACHABLE_CODE = YES;
				CLANG_WARN__DUPLICATE_METHOD_MATCH = YES;
				CODE_SIGN_IDENTITY = "iPhone Developer";
				COPY_PHASE_STRIP = NO;
				DEBUG_INFORMATION_FORMAT = dwarf;
				ENABLE_STRICT_OBJC_MSGSEND = YES;
				ENABLE_TESTABILITY = YES;
				GCC_C_LANGUAGE_STANDARD = gnu11;
				GCC_DYNAMIC_NO_PIC = NO;
				GCC_NO_COMMON_BLOCKS = YES;
				GCC_OPTIMIZATION_LEVEL = 0;
				GCC_PREPROCESSOR_DEFINITIONS = (
					"DEBUG=1",
					"$(inherited)",
				);
				GCC_WARN_64_TO_32_BIT_CONVERSION = YES;
				GCC_WARN_ABOUT_RETURN_TYPE = YES_ERROR;
				GCC_WARN_UNDECLARED_SELECTOR = YES;
				GCC_WARN_UNINITIALIZED_AUTOS = YES_AGGRESSIVE;
				GCC_WARN_UNUSED_FUNCTION = YES;
				GCC_WARN_UNUSED_VARIABLE = YES;
				IPHONEOS_DEPLOYMENT_TARGET = 11.2;
				MTL_ENABLE_DEBUG_INFO = YES;
				ONLY_ACTIVE_ARCH = YES;
				SDKROOT = iphoneos;
				SWIFT_ACTIVE_COMPILATION_CONDITIONS = DEBUG;
				SWIFT_OPTIMIZATION_LEVEL = "-Onone";
			};
			name = Debug;
		};
		98B771FD2058DCDB001BB455 /* Release */ = {
			isa = XCBuildConfiguration;
			buildSettings = {
				ALWAYS_SEARCH_USER_PATHS = NO;
				CLANG_ANALYZER_NONNULL = YES;
				CLANG_ANALYZER_NUMBER_OBJECT_CONVERSION = YES_AGGRESSIVE;
				CLANG_CXX_LANGUAGE_STANDARD = "gnu++14";
				CLANG_CXX_LIBRARY = "libc++";
				CLANG_ENABLE_MODULES = YES;
				CLANG_ENABLE_OBJC_ARC = YES;
				CLANG_WARN_BLOCK_CAPTURE_AUTORELEASING = YES;
				CLANG_WARN_BOOL_CONVERSION = YES;
				CLANG_WARN_COMMA = YES;
				CLANG_WARN_CONSTANT_CONVERSION = YES;
				CLANG_WARN_DIRECT_OBJC_ISA_USAGE = YES_ERROR;
				CLANG_WARN_DOCUMENTATION_COMMENTS = YES;
				CLANG_WARN_EMPTY_BODY = YES;
				CLANG_WARN_ENUM_CONVERSION = YES;
				CLANG_WARN_INFINITE_RECURSION = YES;
				CLANG_WARN_INT_CONVERSION = YES;
				CLANG_WARN_NON_LITERAL_NULL_CONVERSION = YES;
				CLANG_WARN_OBJC_LITERAL_CONVERSION = YES;
				CLANG_WARN_OBJC_ROOT_CLASS = YES_ERROR;
				CLANG_WARN_RANGE_LOOP_ANALYSIS = YES;
				CLANG_WARN_STRICT_PROTOTYPES = YES;
				CLANG_WARN_SUSPICIOUS_MOVE = YES;
				CLANG_WARN_UNGUARDED_AVAILABILITY = YES_AGGRESSIVE;
				CLANG_WARN_UNREACHABLE_CODE = YES;
				CLANG_WARN__DUPLICATE_METHOD_MATCH = YES;
				CODE_SIGN_IDENTITY = "iPhone Developer";
				COPY_PHASE_STRIP = NO;
				DEBUG_INFORMATION_FORMAT = "dwarf-with-dsym";
				ENABLE_NS_ASSERTIONS = NO;
				ENABLE_STRICT_OBJC_MSGSEND = YES;
				GCC_C_LANGUAGE_STANDARD = gnu11;
				GCC_NO_COMMON_BLOCKS = YES;
				GCC_WARN_64_TO_32_BIT_CONVERSION = YES;
				GCC_WARN_ABOUT_RETURN_TYPE = YES_ERROR;
				GCC_WARN_UNDECLARED_SELECTOR = YES;
				GCC_WARN_UNINITIALIZED_AUTOS = YES_AGGRESSIVE;
				GCC_WARN_UNUSED_FUNCTION = YES;
				GCC_WARN_UNUSED_VARIABLE = YES;
				IPHONEOS_DEPLOYMENT_TARGET = 11.2;
				MTL_ENABLE_DEBUG_INFO = NO;
				SDKROOT = iphoneos;
				SWIFT_OPTIMIZATION_LEVEL = "-Owholemodule";
				VALIDATE_PRODUCT = YES;
			};
			name = Release;
		};
		98B771FF2058DCDB001BB455 /* Debug */ = {
			isa = XCBuildConfiguration;
			buildSettings = {
				ASSETCATALOG_COMPILER_APPICON_NAME = AppIcon;
				CODE_SIGN_STYLE = Automatic;
				DEVELOPMENT_TEAM = M979J82YX7;
				INFOPLIST_FILE = 18_03_14_NSFetchResultsController/Info.plist;
				LD_RUNPATH_SEARCH_PATHS = "$(inherited) @executable_path/Frameworks";
				PRODUCT_BUNDLE_IDENTIFIER = "com.copca.-8-03-14-NSFetchResultsController";
				PRODUCT_NAME = "$(TARGET_NAME)";
				SWIFT_VERSION = 4.0;
				TARGETED_DEVICE_FAMILY = "1,2";
			};
			name = Debug;
		};
		98B772002058DCDB001BB455 /* Release */ = {
			isa = XCBuildConfiguration;
			buildSettings = {
				ASSETCATALOG_COMPILER_APPICON_NAME = AppIcon;
				CODE_SIGN_STYLE = Automatic;
				DEVELOPMENT_TEAM = M979J82YX7;
				INFOPLIST_FILE = 18_03_14_NSFetchResultsController/Info.plist;
				LD_RUNPATH_SEARCH_PATHS = "$(inherited) @executable_path/Frameworks";
				PRODUCT_BUNDLE_IDENTIFIER = "com.copca.-8-03-14-NSFetchResultsController";
				PRODUCT_NAME = "$(TARGET_NAME)";
				SWIFT_VERSION = 4.0;
				TARGETED_DEVICE_FAMILY = "1,2";
			};
			name = Release;
		};
/* End XCBuildConfiguration section */

/* Begin XCConfigurationList section */
		98B771E42058DCDB001BB455 /* Build configuration list for PBXProject "18_03_14_NSFetchResultsController" */ = {
			isa = XCConfigurationList;
			buildConfigurations = (
				98B771FC2058DCDB001BB455 /* Debug */,
				98B771FD2058DCDB001BB455 /* Release */,
			);
			defaultConfigurationIsVisible = 0;
			defaultConfigurationName = Release;
		};
		98B771FE2058DCDB001BB455 /* Build configuration list for PBXNativeTarget "18_03_14_NSFetchResultsController" */ = {
			isa = XCConfigurationList;
			buildConfigurations = (
				98B771FF2058DCDB001BB455 /* Debug */,
				98B772002058DCDB001BB455 /* Release */,
			);
			defaultConfigurationIsVisible = 0;
			defaultConfigurationName = Release;
		};
/* End XCConfigurationList section */

/* Begin XCVersionGroup section */
		98B771F32058DCDB001BB455 /* _8_03_14_NSFetchResultsController.xcdatamodeld */ = {
			isa = XCVersionGroup;
			children = (
				98B771F42058DCDB001BB455 /* _8_03_14_NSFetchResultsController.xcdatamodel */,
			);
			currentVersion = 98B771F42058DCDB001BB455 /* _8_03_14_NSFetchResultsController.xcdatamodel */;
			path = _8_03_14_NSFetchResultsController.xcdatamodeld;
			sourceTree = "<group>";
			versionGroupType = wrapper.xcdatamodel;
		};
/* End XCVersionGroup section */
	};
	rootObject = 98B771E12058DCDB001BB455 /* Project object */;
}
