// !$*UTF8*$!
{
	archiveVersion = 1;
	classes = {
	};
	objectVersion = 48;
	objects = {

/* Begin PBXBuildFile section */
		98783461203BB3CD00457D15 /* AppDelegate.swift in Sources */ = {isa = PBXBuildFile; fileRef = 98783460203BB3CD00457D15 /* AppDelegate.swift */; };
		98783463203BB3CD00457D15 /* ViewController.swift in Sources */ = {isa = PBXBuildFile; fileRef = 98783462203BB3CD00457D15 /* ViewController.swift */; };
		98783466203BB3CD00457D15 /* Main.storyboard in Resources */ = {isa = PBXBuildFile; fileRef = 98783464203BB3CD00457D15 /* Main.storyboard */; };
		98783468203BB3CD00457D15 /* Assets.xcassets in Resources */ = {isa = PBXBuildFile; fileRef = 98783467203BB3CD00457D15 /* Assets.xcassets */; };
		9878346B203BB3CD00457D15 /* LaunchScreen.storyboard in Resources */ = {isa = PBXBuildFile; fileRef = 98783469203BB3CD00457D15 /* LaunchScreen.storyboard */; };
		98783473203BB4E900457D15 /* LoginViewController.swift in Sources */ = {isa = PBXBuildFile; fileRef = 98783472203BB4E900457D15 /* LoginViewController.swift */; };
		98783475203BBEBB00457D15 /* SignUpViewController.swift in Sources */ = {isa = PBXBuildFile; fileRef = 98783474203BBEBB00457D15 /* SignUpViewController.swift */; };
/* End PBXBuildFile section */

/* Begin PBXFileReference section */
		9878345D203BB3CD00457D15 /* 18_02_20_Study.app */ = {isa = PBXFileReference; explicitFileType = wrapper.application; includeInIndex = 0; path = 18_02_20_Study.app; sourceTree = BUILT_PRODUCTS_DIR; };
		98783460203BB3CD00457D15 /* AppDelegate.swift */ = {isa = PBXFileReference; lastKnownFileType = sourcecode.swift; path = AppDelegate.swift; sourceTree = "<group>"; };
		98783462203BB3CD00457D15 /* ViewController.swift */ = {isa = PBXFileReference; lastKnownFileType = sourcecode.swift; path = ViewController.swift; sourceTree = "<group>"; };
		98783465203BB3CD00457D15 /* Base */ = {isa = PBXFileReference; lastKnownFileType = file.storyboard; name = Base; path = Base.lproj/Main.storyboard; sourceTree = "<group>"; };
		98783467203BB3CD00457D15 /* Assets.xcassets */ = {isa = PBXFileReference; lastKnownFileType = folder.assetcatalog; path = Assets.xcassets; sourceTree = "<group>"; };
		9878346A203BB3CD00457D15 /* Base */ = {isa = PBXFileReference; lastKnownFileType = file.storyboard; name = Base; path = Base.lproj/LaunchScreen.storyboard; sourceTree = "<group>"; };
		9878346C203BB3CD00457D15 /* Info.plist */ = {isa = PBXFileReference; lastKnownFileType = text.plist.xml; path = Info.plist; sourceTree = "<group>"; };
		98783472203BB4E900457D15 /* LoginViewController.swift */ = {isa = PBXFileReference; lastKnownFileType = sourcecode.swift; path = LoginViewController.swift; sourceTree = "<group>"; };
		98783474203BBEBB00457D15 /* SignUpViewController.swift */ = {isa = PBXFileReference; lastKnownFileType = sourcecode.swift; path = SignUpViewController.swift; sourceTree = "<group>"; };
/* End PBXFileReference section */

/* Begin PBXFrameworksBuildPhase section */
		9878345A203BB3CD00457D15 /* Frameworks */ = {
			isa = PBXFrameworksBuildPhase;
			buildActionMask = 2147483647;
			files = (
			);
			runOnlyForDeploymentPostprocessing = 0;
		};
/* End PBXFrameworksBuildPhase section */

/* Begin PBXGroup section */
		98783454203BB3CD00457D15 = {
			isa = PBXGroup;
			children = (
				9878345F203BB3CD00457D15 /* 18_02_20_Study */,
				9878345E203BB3CD00457D15 /* Products */,
			);
			sourceTree = "<group>";
		};
		9878345E203BB3CD00457D15 /* Products */ = {
			isa = PBXGroup;
			children = (
				9878345D203BB3CD00457D15 /* 18_02_20_Study.app */,
			);
			name = Products;
			sourceTree = "<group>";
		};
		9878345F203BB3CD00457D15 /* 18_02_20_Study */ = {
			isa = PBXGroup;
			children = (
				98783460203BB3CD00457D15 /* AppDelegate.swift */,
				98783462203BB3CD00457D15 /* ViewController.swift */,
				98783472203BB4E900457D15 /* LoginViewController.swift */,
				98783464203BB3CD00457D15 /* Main.storyboard */,
				98783474203BBEBB00457D15 /* SignUpViewController.swift */,
				98783467203BB3CD00457D15 /* Assets.xcassets */,
				98783469203BB3CD00457D15 /* LaunchScreen.storyboard */,
				9878346C203BB3CD00457D15 /* Info.plist */,
			);
			path = 18_02_20_Study;
			sourceTree = "<group>";
		};
/* End PBXGroup section */

/* Begin PBXNativeTarget section */
		9878345C203BB3CD00457D15 /* 18_02_20_Study */ = {
			isa = PBXNativeTarget;
			buildConfigurationList = 9878346F203BB3CD00457D15 /* Build configuration list for PBXNativeTarget "18_02_20_Study" */;
			buildPhases = (
				98783459203BB3CD00457D15 /* Sources */,
				9878345A203BB3CD00457D15 /* Frameworks */,
				9878345B203BB3CD00457D15 /* Resources */,
			);
			buildRules = (
			);
			dependencies = (
			);
			name = 18_02_20_Study;
			productName = 18_02_20_Study;
			productReference = 9878345D203BB3CD00457D15 /* 18_02_20_Study.app */;
			productType = "com.apple.product-type.application";
		};
/* End PBXNativeTarget section */

/* Begin PBXProject section */
		98783455203BB3CD00457D15 /* Project object */ = {
			isa = PBXProject;
			attributes = {
				LastSwiftUpdateCheck = 0920;
				LastUpgradeCheck = 0920;
				ORGANIZATIONNAME = baejiho;
				TargetAttributes = {
					9878345C203BB3CD00457D15 = {
						CreatedOnToolsVersion = 9.2;
						ProvisioningStyle = Automatic;
					};
				};
			};
			buildConfigurationList = 98783458203BB3CD00457D15 /* Build configuration list for PBXProject "18_02_20_Study" */;
			compatibilityVersion = "Xcode 8.0";
			developmentRegion = en;
			hasScannedForEncodings = 0;
			knownRegions = (
				en,
				Base,
			);
			mainGroup = 98783454203BB3CD00457D15;
			productRefGroup = 9878345E203BB3CD00457D15 /* Products */;
			projectDirPath = "";
			projectRoot = "";
			targets = (
				9878345C203BB3CD00457D15 /* 18_02_20_Study */,
			);
		};
/* End PBXProject section */

/* Begin PBXResourcesBuildPhase section */
		9878345B203BB3CD00457D15 /* Resources */ = {
			isa = PBXResourcesBuildPhase;
			buildActionMask = 2147483647;
			files = (
				9878346B203BB3CD00457D15 /* LaunchScreen.storyboard in Resources */,
				98783468203BB3CD00457D15 /* Assets.xcassets in Resources */,
				98783466203BB3CD00457D15 /* Main.storyboard in Resources */,
			);
			runOnlyForDeploymentPostprocessing = 0;
		};
/* End PBXResourcesBuildPhase section */

/* Begin PBXSourcesBuildPhase section */
		98783459203BB3CD00457D15 /* Sources */ = {
			isa = PBXSourcesBuildPhase;
			buildActionMask = 2147483647;
			files = (
				98783473203BB4E900457D15 /* LoginViewController.swift in Sources */,
				98783463203BB3CD00457D15 /* ViewController.swift in Sources */,
				98783475203BBEBB00457D15 /* SignUpViewController.swift in Sources */,
				98783461203BB3CD00457D15 /* AppDelegate.swift in Sources */,
			);
			runOnlyForDeploymentPostprocessing = 0;
		};
/* End PBXSourcesBuildPhase section */

/* Begin PBXVariantGroup section */
		98783464203BB3CD00457D15 /* Main.storyboard */ = {
			isa = PBXVariantGroup;
			children = (
				98783465203BB3CD00457D15 /* Base */,
			);
			name = Main.storyboard;
			sourceTree = "<group>";
		};
		98783469203BB3CD00457D15 /* LaunchScreen.storyboard */ = {
			isa = PBXVariantGroup;
			children = (
				9878346A203BB3CD00457D15 /* Base */,
			);
			name = LaunchScreen.storyboard;
			sourceTree = "<group>";
		};
/* End PBXVariantGroup section */

/* Begin XCBuildConfiguration section */
		9878346D203BB3CD00457D15 /* Debug */ = {
			isa = XCBuildConfiguration;
			buildSettings = {
				ALWAYS_SEARCH_USER_PATHS = NO;
				CLANG_ANALYZER_NONNULL = YES;
				CLANG_ANALYZER_NUMBER_OBJECT_CONVERSION = YES_AGGRESSIVE;
				CLANG_CXX_LANGUAGE_STANDARD = "gnu++14";
				CLANG_CXX_LIBRARY = "libc++";
				CLANG_ENABLE_MODULES = YES;
				CLANG_ENABLE_OBJC_ARC = YES;
				CLANG_WARN_BLOCK_CAPTURE_AUTORELEASING = YES;
				CLANG_WARN_BOOL_CONVERSION = YES;
				CLANG_WARN_COMMA = YES;
				CLANG_WARN_CONSTANT_CONVERSION = YES;
				CLANG_WARN_DIRECT_OBJC_ISA_USAGE = YES_ERROR;
				CLANG_WARN_DOCUMENTATION_COMMENTS = YES;
				CLANG_WARN_EMPTY_BODY = YES;
				CLANG_WARN_ENUM_CONVERSION = YES;
				CLANG_WARN_INFINITE_RECURSION = YES;
				CLANG_WARN_INT_CONVERSION = YES;
				CLANG_WARN_NON_LITERAL_NULL_CONVERSION = YES;
				CLANG_WARN_OBJC_LITERAL_CONVERSION = YES;
				CLANG_WARN_OBJC_ROOT_CLASS = YES_ERROR;
				CLANG_WARN_RANGE_LOOP_ANALYSIS = YES;
				CLANG_WARN_STRICT_PROTOTYPES = YES;
				CLANG_WARN_SUSPICIOUS_MOVE = YES;
				CLANG_WARN_UNGUARDED_AVAILABILITY = YES_AGGRESSIVE;
				CLANG_WARN_UNREACHABLE_CODE = YES;
				CLANG_WARN__DUPLICATE_METHOD_MATCH = YES;
				CODE_SIGN_IDENTITY = "iPhone Developer";
				COPY_PHASE_STRIP = NO;
				DEBUG_INFORMATION_FORMAT = dwarf;
				ENABLE_STRICT_OBJC_MSGSEND = YES;
				ENABLE_TESTABILITY = YES;
				GCC_C_LANGUAGE_STANDARD = gnu11;
				GCC_DYNAMIC_NO_PIC = NO;
				GCC_NO_COMMON_BLOCKS = YES;
				GCC_OPTIMIZATION_LEVEL = 0;
				GCC_PREPROCESSOR_DEFINITIONS = (
					"DEBUG=1",
					"$(inherited)",
				);
				GCC_WARN_64_TO_32_BIT_CONVERSION = YES;
				GCC_WARN_ABOUT_RETURN_TYPE = YES_ERROR;
				GCC_WARN_UNDECLARED_SELECTOR = YES;
				GCC_WARN_UNINITIALIZED_AUTOS = YES_AGGRESSIVE;
				GCC_WARN_UNUSED_FUNCTION = YES;
				GCC_WARN_UNUSED_VARIABLE = YES;
				IPHONEOS_DEPLOYMENT_TARGET = 11.2;
				MTL_ENABLE_DEBUG_INFO = YES;
				ONLY_ACTIVE_ARCH = YES;
				SDKROOT = iphoneos;
				SWIFT_ACTIVE_COMPILATION_CONDITIONS = DEBUG;
				SWIFT_OPTIMIZATION_LEVEL = "-Onone";
			};
			name = Debug;
		};
		9878346E203BB3CD00457D15 /* Release */ = {
			isa = XCBuildConfiguration;
			buildSettings = {
				ALWAYS_SEARCH_USER_PATHS = NO;
				CLANG_ANALYZER_NONNULL = YES;
				CLANG_ANALYZER_NUMBER_OBJECT_CONVERSION = YES_AGGRESSIVE;
				CLANG_CXX_LANGUAGE_STANDARD = "gnu++14";
				CLANG_CXX_LIBRARY = "libc++";
				CLANG_ENABLE_MODULES = YES;
				CLANG_ENABLE_OBJC_ARC = YES;
				CLANG_WARN_BLOCK_CAPTURE_AUTORELEASING = YES;
				CLANG_WARN_BOOL_CONVERSION = YES;
				CLANG_WARN_COMMA = YES;
				CLANG_WARN_CONSTANT_CONVERSION = YES;
				CLANG_WARN_DIRECT_OBJC_ISA_USAGE = YES_ERROR;
				CLANG_WARN_DOCUMENTATION_COMMENTS = YES;
				CLANG_WARN_EMPTY_BODY = YES;
				CLANG_WARN_ENUM_CONVERSION = YES;
				CLANG_WARN_INFINITE_RECURSION = YES;
				CLANG_WARN_INT_CONVERSION = YES;
				CLANG_WARN_NON_LITERAL_NULL_CONVERSION = YES;
				CLANG_WARN_OBJC_LITERAL_CONVERSION = YES;
				CLANG_WARN_OBJC_ROOT_CLASS = YES_ERROR;
				CLANG_WARN_RANGE_LOOP_ANALYSIS = YES;
				CLANG_WARN_STRICT_PROTOTYPES = YES;
				CLANG_WARN_SUSPICIOUS_MOVE = YES;
				CLANG_WARN_UNGUARDED_AVAILABILITY = YES_AGGRESSIVE;
				CLANG_WARN_UNREACHABLE_CODE = YES;
				CLANG_WARN__DUPLICATE_METHOD_MATCH = YES;
				CODE_SIGN_IDENTITY = "iPhone Developer";
				COPY_PHASE_STRIP = NO;
				DEBUG_INFORMATION_FORMAT = "dwarf-with-dsym";
				ENABLE_NS_ASSERTIONS = NO;
				ENABLE_STRICT_OBJC_MSGSEND = YES;
				GCC_C_LANGUAGE_STANDARD = gnu11;
				GCC_NO_COMMON_BLOCKS = YES;
				GCC_WARN_64_TO_32_BIT_CONVERSION = YES;
				GCC_WARN_ABOUT_RETURN_TYPE = YES_ERROR;
				GCC_WARN_UNDECLARED_SELECTOR = YES;
				GCC_WARN_UNINITIALIZED_AUTOS = YES_AGGRESSIVE;
				GCC_WARN_UNUSED_FUNCTION = YES;
				GCC_WARN_UNUSED_VARIABLE = YES;
				IPHONEOS_DEPLOYMENT_TARGET = 11.2;
				MTL_ENABLE_DEBUG_INFO = NO;
				SDKROOT = iphoneos;
				SWIFT_OPTIMIZATION_LEVEL = "-Owholemodule";
				VALIDATE_PRODUCT = YES;
			};
			name = Release;
		};
		98783470203BB3CD00457D15 /* Debug */ = {
			isa = XCBuildConfiguration;
			buildSettings = {
				ASSETCATALOG_COMPILER_APPICON_NAME = AppIcon;
				CODE_SIGN_STYLE = Automatic;
				INFOPLIST_FILE = 18_02_20_Study/Info.plist;
				LD_RUNPATH_SEARCH_PATHS = "$(inherited) @executable_path/Frameworks";
				PRODUCT_BUNDLE_IDENTIFIER = "com.copca.-8-02-20-Study";
				PRODUCT_NAME = "$(TARGET_NAME)";
				SWIFT_VERSION = 4.0;
				TARGETED_DEVICE_FAMILY = "1,2";
			};
			name = Debug;
		};
		98783471203BB3CD00457D15 /* Release */ = {
			isa = XCBuildConfiguration;
			buildSettings = {
				ASSETCATALOG_COMPILER_APPICON_NAME = AppIcon;
				CODE_SIGN_STYLE = Automatic;
				INFOPLIST_FILE = 18_02_20_Study/Info.plist;
				LD_RUNPATH_SEARCH_PATHS = "$(inherited) @executable_path/Frameworks";
				PRODUCT_BUNDLE_IDENTIFIER = "com.copca.-8-02-20-Study";
				PRODUCT_NAME = "$(TARGET_NAME)";
				SWIFT_VERSION = 4.0;
				TARGETED_DEVICE_FAMILY = "1,2";
			};
			name = Release;
		};
/* End XCBuildConfiguration section */

/* Begin XCConfigurationList section */
		98783458203BB3CD00457D15 /* Build configuration list for PBXProject "18_02_20_Study" */ = {
			isa = XCConfigurationList;
			buildConfigurations = (
				9878346D203BB3CD00457D15 /* Debug */,
				9878346E203BB3CD00457D15 /* Release */,
			);
			defaultConfigurationIsVisible = 0;
			defaultConfigurationName = Release;
		};
		9878346F203BB3CD00457D15 /* Build configuration list for PBXNativeTarget "18_02_20_Study" */ = {
			isa = XCConfigurationList;
			buildConfigurations = (
				98783470203BB3CD00457D15 /* Debug */,
				98783471203BB3CD00457D15 /* Release */,
			);
			defaultConfigurationIsVisible = 0;
			defaultConfigurationName = Release;
		};
/* End XCConfigurationList section */
	};
	rootObject = 98783455203BB3CD00457D15 /* Project object */;
}
