// !$*UTF8*$!
{
	archiveVersion = 1;
	classes = {
	};
	objectVersion = 48;
	objects = {

/* Begin PBXBuildFile section */
		98EDE465205BAD3D00B04CF8 /* Alamofire.framework in Frameworks */ = {isa = PBXBuildFile; fileRef = 98EDE464205BAD3D00B04CF8 /* Alamofire.framework */; };
		98F97C6C205BA8540042214E /* AppDelegate.swift in Sources */ = {isa = PBXBuildFile; fileRef = 98F97C6B205BA8540042214E /* AppDelegate.swift */; };
		98F97C6E205BA8540042214E /* ViewController.swift in Sources */ = {isa = PBXBuildFile; fileRef = 98F97C6D205BA8540042214E /* ViewController.swift */; };
		98F97C71205BA8540042214E /* Main.storyboard in Resources */ = {isa = PBXBuildFile; fileRef = 98F97C6F205BA8540042214E /* Main.storyboard */; };
		98F97C74205BA8540042214E /* CarthageTest.xcdatamodeld in Sources */ = {isa = PBXBuildFile; fileRef = 98F97C72205BA8540042214E /* CarthageTest.xcdatamodeld */; };
		98F97C76205BA8540042214E /* Assets.xcassets in Resources */ = {isa = PBXBuildFile; fileRef = 98F97C75205BA8540042214E /* Assets.xcassets */; };
		98F97C79205BA8540042214E /* LaunchScreen.storyboard in Resources */ = {isa = PBXBuildFile; fileRef = 98F97C77205BA8540042214E /* LaunchScreen.storyboard */; };
/* End PBXBuildFile section */

/* Begin PBXFileReference section */
		98EDE464205BAD3D00B04CF8 /* Alamofire.framework */ = {isa = PBXFileReference; lastKnownFileType = wrapper.framework; name = Alamofire.framework; path = Carthage/Build/iOS/Alamofire.framework; sourceTree = "<group>"; };
		98F97C68205BA8540042214E /* CarthageTest.app */ = {isa = PBXFileReference; explicitFileType = wrapper.application; includeInIndex = 0; path = CarthageTest.app; sourceTree = BUILT_PRODUCTS_DIR; };
		98F97C6B205BA8540042214E /* AppDelegate.swift */ = {isa = PBXFileReference; lastKnownFileType = sourcecode.swift; path = AppDelegate.swift; sourceTree = "<group>"; };
		98F97C6D205BA8540042214E /* ViewController.swift */ = {isa = PBXFileReference; lastKnownFileType = sourcecode.swift; path = ViewController.swift; sourceTree = "<group>"; };
		98F97C70205BA8540042214E /* Base */ = {isa = PBXFileReference; lastKnownFileType = file.storyboard; name = Base; path = Base.lproj/Main.storyboard; sourceTree = "<group>"; };
		98F97C73205BA8540042214E /* CarthageTest.xcdatamodel */ = {isa = PBXFileReference; lastKnownFileType = wrapper.xcdatamodel; path = CarthageTest.xcdatamodel; sourceTree = "<group>"; };
		98F97C75205BA8540042214E /* Assets.xcassets */ = {isa = PBXFileReference; lastKnownFileType = folder.assetcatalog; path = Assets.xcassets; sourceTree = "<group>"; };
		98F97C78205BA8540042214E /* Base */ = {isa = PBXFileReference; lastKnownFileType = file.storyboard; name = Base; path = Base.lproj/LaunchScreen.storyboard; sourceTree = "<group>"; };
		98F97C7A205BA8540042214E /* Info.plist */ = {isa = PBXFileReference; lastKnownFileType = text.plist.xml; path = Info.plist; sourceTree = "<group>"; };
/* End PBXFileReference section */

/* Begin PBXFrameworksBuildPhase section */
		98F97C65205BA8540042214E /* Frameworks */ = {
			isa = PBXFrameworksBuildPhase;
			buildActionMask = 2147483647;
			files = (
				98EDE465205BAD3D00B04CF8 /* Alamofire.framework in Frameworks */,
			);
			runOnlyForDeploymentPostprocessing = 0;
		};
/* End PBXFrameworksBuildPhase section */

/* Begin PBXGroup section */
		98EDE463205BAD3D00B04CF8 /* Frameworks */ = {
			isa = PBXGroup;
			children = (
				98EDE464205BAD3D00B04CF8 /* Alamofire.framework */,
			);
			name = Frameworks;
			sourceTree = "<group>";
		};
		98F97C5F205BA8540042214E = {
			isa = PBXGroup;
			children = (
				98F97C6A205BA8540042214E /* CarthageTest */,
				98F97C69205BA8540042214E /* Products */,
				98EDE463205BAD3D00B04CF8 /* Frameworks */,
			);
			sourceTree = "<group>";
		};
		98F97C69205BA8540042214E /* Products */ = {
			isa = PBXGroup;
			children = (
				98F97C68205BA8540042214E /* CarthageTest.app */,
			);
			name = Products;
			sourceTree = "<group>";
		};
		98F97C6A205BA8540042214E /* CarthageTest */ = {
			isa = PBXGroup;
			children = (
				98F97C6B205BA8540042214E /* AppDelegate.swift */,
				98F97C6D205BA8540042214E /* ViewController.swift */,
				98F97C6F205BA8540042214E /* Main.storyboard */,
				98F97C75205BA8540042214E /* Assets.xcassets */,
				98F97C77205BA8540042214E /* LaunchScreen.storyboard */,
				98F97C7A205BA8540042214E /* Info.plist */,
				98F97C72205BA8540042214E /* CarthageTest.xcdatamodeld */,
			);
			path = CarthageTest;
			sourceTree = "<group>";
		};
/* End PBXGroup section */

/* Begin PBXNativeTarget section */
		98F97C67205BA8540042214E /* CarthageTest */ = {
			isa = PBXNativeTarget;
			buildConfigurationList = 98F97C7D205BA8540042214E /* Build configuration list for PBXNativeTarget "CarthageTest" */;
			buildPhases = (
				98F97C64205BA8540042214E /* Sources */,
				98F97C65205BA8540042214E /* Frameworks */,
				98F97C66205BA8540042214E /* Resources */,
				98EDE466205BAD6100B04CF8 /* ShellScript */,
			);
			buildRules = (
			);
			dependencies = (
			);
			name = CarthageTest;
			productName = CarthageTest;
			productReference = 98F97C68205BA8540042214E /* CarthageTest.app */;
			productType = "com.apple.product-type.application";
		};
/* End PBXNativeTarget section */

/* Begin PBXProject section */
		98F97C60205BA8540042214E /* Project object */ = {
			isa = PBXProject;
			attributes = {
				LastSwiftUpdateCheck = 0920;
				LastUpgradeCheck = 0920;
				ORGANIZATIONNAME = baejiho;
				TargetAttributes = {
					98F97C67205BA8540042214E = {
						CreatedOnToolsVersion = 9.2;
						ProvisioningStyle = Automatic;
					};
				};
			};
			buildConfigurationList = 98F97C63205BA8540042214E /* Build configuration list for PBXProject "CarthageTest" */;
			compatibilityVersion = "Xcode 8.0";
			developmentRegion = en;
			hasScannedForEncodings = 0;
			knownRegions = (
				en,
				Base,
			);
			mainGroup = 98F97C5F205BA8540042214E;
			productRefGroup = 98F97C69205BA8540042214E /* Products */;
			projectDirPath = "";
			projectRoot = "";
			targets = (
				98F97C67205BA8540042214E /* CarthageTest */,
			);
		};
/* End PBXProject section */

/* Begin PBXResourcesBuildPhase section */
		98F97C66205BA8540042214E /* Resources */ = {
			isa = PBXResourcesBuildPhase;
			buildActionMask = 2147483647;
			files = (
				98F97C79205BA8540042214E /* LaunchScreen.storyboard in Resources */,
				98F97C76205BA8540042214E /* Assets.xcassets in Resources */,
				98F97C71205BA8540042214E /* Main.storyboard in Resources */,
			);
			runOnlyForDeploymentPostprocessing = 0;
		};
/* End PBXResourcesBuildPhase section */

/* Begin PBXShellScriptBuildPhase section */
		98EDE466205BAD6100B04CF8 /* ShellScript */ = {
			isa = PBXShellScriptBuildPhase;
			buildActionMask = 2147483647;
			files = (
			);
			inputPaths = (
				"$(SRCROOT)/Carthage/Build/iOS/Alamofire.framework",
			);
			outputPaths = (
			);
			runOnlyForDeploymentPostprocessing = 0;
			shellPath = /bin/sh;
			shellScript = "/usr/local/bin/carthage copy-frameworks";
		};
/* End PBXShellScriptBuildPhase section */

/* Begin PBXSourcesBuildPhase section */
		98F97C64205BA8540042214E /* Sources */ = {
			isa = PBXSourcesBuildPhase;
			buildActionMask = 2147483647;
			files = (
				98F97C74205BA8540042214E /* CarthageTest.xcdatamodeld in Sources */,
				98F97C6E205BA8540042214E /* ViewController.swift in Sources */,
				98F97C6C205BA8540042214E /* AppDelegate.swift in Sources */,
			);
			runOnlyForDeploymentPostprocessing = 0;
		};
/* End PBXSourcesBuildPhase section */

/* Begin PBXVariantGroup section */
		98F97C6F205BA8540042214E /* Main.storyboard */ = {
			isa = PBXVariantGroup;
			children = (
				98F97C70205BA8540042214E /* Base */,
			);
			name = Main.storyboard;
			sourceTree = "<group>";
		};
		98F97C77205BA8540042214E /* LaunchScreen.storyboard */ = {
			isa = PBXVariantGroup;
			children = (
				98F97C78205BA8540042214E /* Base */,
			);
			name = LaunchScreen.storyboard;
			sourceTree = "<group>";
		};
/* End PBXVariantGroup section */

/* Begin XCBuildConfiguration section */
		98F97C7B205BA8540042214E /* Debug */ = {
			isa = XCBuildConfiguration;
			buildSettings = {
				ALWAYS_SEARCH_USER_PATHS = NO;
				CLANG_ANALYZER_NONNULL = YES;
				CLANG_ANALYZER_NUMBER_OBJECT_CONVERSION = YES_AGGRESSIVE;
				CLANG_CXX_LANGUAGE_STANDARD = "gnu++14";
				CLANG_CXX_LIBRARY = "libc++";
				CLANG_ENABLE_MODULES = YES;
				CLANG_ENABLE_OBJC_ARC = YES;
				CLANG_WARN_BLOCK_CAPTURE_AUTORELEASING = YES;
				CLANG_WARN_BOOL_CONVERSION = YES;
				CLANG_WARN_COMMA = YES;
				CLANG_WARN_CONSTANT_CONVERSION = YES;
				CLANG_WARN_DIRECT_OBJC_ISA_USAGE = YES_ERROR;
				CLANG_WARN_DOCUMENTATION_COMMENTS = YES;
				CLANG_WARN_EMPTY_BODY = YES;
				CLANG_WARN_ENUM_CONVERSION = YES;
				CLANG_WARN_INFINITE_RECURSION = YES;
				CLANG_WARN_INT_CONVERSION = YES;
				CLANG_WARN_NON_LITERAL_NULL_CONVERSION = YES;
				CLANG_WARN_OBJC_LITERAL_CONVERSION = YES;
				CLANG_WARN_OBJC_ROOT_CLASS = YES_ERROR;
				CLANG_WARN_RANGE_LOOP_ANALYSIS = YES;
				CLANG_WARN_STRICT_PROTOTYPES = YES;
				CLANG_WARN_SUSPICIOUS_MOVE = YES;
				CLANG_WARN_UNGUARDED_AVAILABILITY = YES_AGGRESSIVE;
				CLANG_WARN_UNREACHABLE_CODE = YES;
				CLANG_WARN__DUPLICATE_METHOD_MATCH = YES;
				CODE_SIGN_IDENTITY = "iPhone Developer";
				COPY_PHASE_STRIP = NO;
				DEBUG_INFORMATION_FORMAT = dwarf;
				ENABLE_STRICT_OBJC_MSGSEND = YES;
				ENABLE_TESTABILITY = YES;
				GCC_C_LANGUAGE_STANDARD = gnu11;
				GCC_DYNAMIC_NO_PIC = NO;
				GCC_NO_COMMON_BLOCKS = YES;
				GCC_OPTIMIZATION_LEVEL = 0;
				GCC_PREPROCESSOR_DEFINITIONS = (
					"DEBUG=1",
					"$(inherited)",
				);
				GCC_WARN_64_TO_32_BIT_CONVERSION = YES;
				GCC_WARN_ABOUT_RETURN_TYPE = YES_ERROR;
				GCC_WARN_UNDECLARED_SELECTOR = YES;
				GCC_WARN_UNINITIALIZED_AUTOS = YES_AGGRESSIVE;
				GCC_WARN_UNUSED_FUNCTION = YES;
				GCC_WARN_UNUSED_VARIABLE = YES;
				IPHONEOS_DEPLOYMENT_TARGET = 11.2;
				MTL_ENABLE_DEBUG_INFO = YES;
				ONLY_ACTIVE_ARCH = YES;
				SDKROOT = iphoneos;
				SWIFT_ACTIVE_COMPILATION_CONDITIONS = DEBUG;
				SWIFT_OPTIMIZATION_LEVEL = "-Onone";
			};
			name = Debug;
		};
		98F97C7C205BA8540042214E /* Release */ = {
			isa = XCBuildConfiguration;
			buildSettings = {
				ALWAYS_SEARCH_USER_PATHS = NO;
				CLANG_ANALYZER_NONNULL = YES;
				CLANG_ANALYZER_NUMBER_OBJECT_CONVERSION = YES_AGGRESSIVE;
				CLANG_CXX_LANGUAGE_STANDARD = "gnu++14";
				CLANG_CXX_LIBRARY = "libc++";
				CLANG_ENABLE_MODULES = YES;
				CLANG_ENABLE_OBJC_ARC = YES;
				CLANG_WARN_BLOCK_CAPTURE_AUTORELEASING = YES;
				CLANG_WARN_BOOL_CONVERSION = YES;
				CLANG_WARN_COMMA = YES;
				CLANG_WARN_CONSTANT_CONVERSION = YES;
				CLANG_WARN_DIRECT_OBJC_ISA_USAGE = YES_ERROR;
				CLANG_WARN_DOCUMENTATION_COMMENTS = YES;
				CLANG_WARN_EMPTY_BODY = YES;
				CLANG_WARN_ENUM_CONVERSION = YES;
				CLANG_WARN_INFINITE_RECURSION = YES;
				CLANG_WARN_INT_CONVERSION = YES;
				CLANG_WARN_NON_LITERAL_NULL_CONVERSION = YES;
				CLANG_WARN_OBJC_LITERAL_CONVERSION = YES;
				CLANG_WARN_OBJC_ROOT_CLASS = YES_ERROR;
				CLANG_WARN_RANGE_LOOP_ANALYSIS = YES;
				CLANG_WARN_STRICT_PROTOTYPES = YES;
				CLANG_WARN_SUSPICIOUS_MOVE = YES;
				CLANG_WARN_UNGUARDED_AVAILABILITY = YES_AGGRESSIVE;
				CLANG_WARN_UNREACHABLE_CODE = YES;
				CLANG_WARN__DUPLICATE_METHOD_MATCH = YES;
				CODE_SIGN_IDENTITY = "iPhone Developer";
				COPY_PHASE_STRIP = NO;
				DEBUG_INFORMATION_FORMAT = "dwarf-with-dsym";
				ENABLE_NS_ASSERTIONS = NO;
				ENABLE_STRICT_OBJC_MSGSEND = YES;
				GCC_C_LANGUAGE_STANDARD = gnu11;
				GCC_NO_COMMON_BLOCKS = YES;
				GCC_WARN_64_TO_32_BIT_CONVERSION = YES;
				GCC_WARN_ABOUT_RETURN_TYPE = YES_ERROR;
				GCC_WARN_UNDECLARED_SELECTOR = YES;
				GCC_WARN_UNINITIALIZED_AUTOS = YES_AGGRESSIVE;
				GCC_WARN_UNUSED_FUNCTION = YES;
				GCC_WARN_UNUSED_VARIABLE = YES;
				IPHONEOS_DEPLOYMENT_TARGET = 11.2;
				MTL_ENABLE_DEBUG_INFO = NO;
				SDKROOT = iphoneos;
				SWIFT_OPTIMIZATION_LEVEL = "-Owholemodule";
				VALIDATE_PRODUCT = YES;
			};
			name = Release;
		};
		98F97C7E205BA8540042214E /* Debug */ = {
			isa = XCBuildConfiguration;
			buildSettings = {
				ASSETCATALOG_COMPILER_APPICON_NAME = AppIcon;
				CODE_SIGN_STYLE = Automatic;
				DEVELOPMENT_TEAM = M979J82YX7;
				FRAMEWORK_SEARCH_PATHS = (
					"$(inherited)",
					"$(PROJECT_DIR)/Carthage/Build/iOS",
				);
				INFOPLIST_FILE = CarthageTest/Info.plist;
				LD_RUNPATH_SEARCH_PATHS = "$(inherited) @executable_path/Frameworks";
				PRODUCT_BUNDLE_IDENTIFIER = com.copca.CarthageTest;
				PRODUCT_NAME = "$(TARGET_NAME)";
				SWIFT_VERSION = 4.0;
				TARGETED_DEVICE_FAMILY = "1,2";
			};
			name = Debug;
		};
		98F97C7F205BA8540042214E /* Release */ = {
			isa = XCBuildConfiguration;
			buildSettings = {
				ASSETCATALOG_COMPILER_APPICON_NAME = AppIcon;
				CODE_SIGN_STYLE = Automatic;
				DEVELOPMENT_TEAM = M979J82YX7;
				FRAMEWORK_SEARCH_PATHS = (
					"$(inherited)",
					"$(PROJECT_DIR)/Carthage/Build/iOS",
				);
				INFOPLIST_FILE = CarthageTest/Info.plist;
				LD_RUNPATH_SEARCH_PATHS = "$(inherited) @executable_path/Frameworks";
				PRODUCT_BUNDLE_IDENTIFIER = com.copca.CarthageTest;
				PRODUCT_NAME = "$(TARGET_NAME)";
				SWIFT_VERSION = 4.0;
				TARGETED_DEVICE_FAMILY = "1,2";
			};
			name = Release;
		};
/* End XCBuildConfiguration section */

/* Begin XCConfigurationList section */
		98F97C63205BA8540042214E /* Build configuration list for PBXProject "CarthageTest" */ = {
			isa = XCConfigurationList;
			buildConfigurations = (
				98F97C7B205BA8540042214E /* Debug */,
				98F97C7C205BA8540042214E /* Release */,
			);
			defaultConfigurationIsVisible = 0;
			defaultConfigurationName = Release;
		};
		98F97C7D205BA8540042214E /* Build configuration list for PBXNativeTarget "CarthageTest" */ = {
			isa = XCConfigurationList;
			buildConfigurations = (
				98F97C7E205BA8540042214E /* Debug */,
				98F97C7F205BA8540042214E /* Release */,
			);
			defaultConfigurationIsVisible = 0;
			defaultConfigurationName = Release;
		};
/* End XCConfigurationList section */

/* Begin XCVersionGroup section */
		98F97C72205BA8540042214E /* CarthageTest.xcdatamodeld */ = {
			isa = XCVersionGroup;
			children = (
				98F97C73205BA8540042214E /* CarthageTest.xcdatamodel */,
			);
			currentVersion = 98F97C73205BA8540042214E /* CarthageTest.xcdatamodel */;
			path = CarthageTest.xcdatamodeld;
			sourceTree = "<group>";
			versionGroupType = wrapper.xcdatamodel;
		};
/* End XCVersionGroup section */
	};
	rootObject = 98F97C60205BA8540042214E /* Project object */;
}
