// !$*UTF8*$!
{
	archiveVersion = 1;
	classes = {
	};
	objectVersion = 48;
	objects = {

/* Begin PBXBuildFile section */
		983C6647204E33F8003C1640 /* CalenderDataCenter.swift in Sources */ = {isa = PBXBuildFile; fileRef = 983C6646204E33F8003C1640 /* CalenderDataCenter.swift */; };
		98932577204CEE22009E9C66 /* AppDelegate.swift in Sources */ = {isa = PBXBuildFile; fileRef = 98932576204CEE22009E9C66 /* AppDelegate.swift */; };
		98932579204CEE22009E9C66 /* FirstViewController.swift in Sources */ = {isa = PBXBuildFile; fileRef = 98932578204CEE22009E9C66 /* FirstViewController.swift */; };
		9893257E204CEE22009E9C66 /* Main.storyboard in Resources */ = {isa = PBXBuildFile; fileRef = 9893257C204CEE22009E9C66 /* Main.storyboard */; };
		98932580204CEE22009E9C66 /* Assets.xcassets in Resources */ = {isa = PBXBuildFile; fileRef = 9893257F204CEE22009E9C66 /* Assets.xcassets */; };
		98932583204CEE22009E9C66 /* LaunchScreen.storyboard in Resources */ = {isa = PBXBuildFile; fileRef = 98932581204CEE22009E9C66 /* LaunchScreen.storyboard */; };
		9893258D204D15FC009E9C66 /* MyCollectionViewCell.swift in Sources */ = {isa = PBXBuildFile; fileRef = 9893258C204D15FC009E9C66 /* MyCollectionViewCell.swift */; };
/* End PBXBuildFile section */

/* Begin PBXFileReference section */
		983C6646204E33F8003C1640 /* CalenderDataCenter.swift */ = {isa = PBXFileReference; lastKnownFileType = sourcecode.swift; path = CalenderDataCenter.swift; sourceTree = "<group>"; };
		98932573204CEE22009E9C66 /* 18_03_05_TabTab.app */ = {isa = PBXFileReference; explicitFileType = wrapper.application; includeInIndex = 0; path = 18_03_05_TabTab.app; sourceTree = BUILT_PRODUCTS_DIR; };
		98932576204CEE22009E9C66 /* AppDelegate.swift */ = {isa = PBXFileReference; lastKnownFileType = sourcecode.swift; path = AppDelegate.swift; sourceTree = "<group>"; };
		98932578204CEE22009E9C66 /* FirstViewController.swift */ = {isa = PBXFileReference; lastKnownFileType = sourcecode.swift; path = FirstViewController.swift; sourceTree = "<group>"; };
		9893257D204CEE22009E9C66 /* Base */ = {isa = PBXFileReference; lastKnownFileType = file.storyboard; name = Base; path = Base.lproj/Main.storyboard; sourceTree = "<group>"; };
		9893257F204CEE22009E9C66 /* Assets.xcassets */ = {isa = PBXFileReference; lastKnownFileType = folder.assetcatalog; path = Assets.xcassets; sourceTree = "<group>"; };
		98932582204CEE22009E9C66 /* Base */ = {isa = PBXFileReference; lastKnownFileType = file.storyboard; name = Base; path = Base.lproj/LaunchScreen.storyboard; sourceTree = "<group>"; };
		98932584204CEE22009E9C66 /* Info.plist */ = {isa = PBXFileReference; lastKnownFileType = text.plist.xml; path = Info.plist; sourceTree = "<group>"; };
		9893258C204D15FC009E9C66 /* MyCollectionViewCell.swift */ = {isa = PBXFileReference; lastKnownFileType = sourcecode.swift; path = MyCollectionViewCell.swift; sourceTree = "<group>"; };
/* End PBXFileReference section */

/* Begin PBXFrameworksBuildPhase section */
		98932570204CEE22009E9C66 /* Frameworks */ = {
			isa = PBXFrameworksBuildPhase;
			buildActionMask = 2147483647;
			files = (
			);
			runOnlyForDeploymentPostprocessing = 0;
		};
/* End PBXFrameworksBuildPhase section */

/* Begin PBXGroup section */
		9893256A204CEE22009E9C66 = {
			isa = PBXGroup;
			children = (
				98932575204CEE22009E9C66 /* 18_03_05_TabTab */,
				98932574204CEE22009E9C66 /* Products */,
			);
			sourceTree = "<group>";
		};
		98932574204CEE22009E9C66 /* Products */ = {
			isa = PBXGroup;
			children = (
				98932573204CEE22009E9C66 /* 18_03_05_TabTab.app */,
			);
			name = Products;
			sourceTree = "<group>";
		};
		98932575204CEE22009E9C66 /* 18_03_05_TabTab */ = {
			isa = PBXGroup;
			children = (
				98932576204CEE22009E9C66 /* AppDelegate.swift */,
				98932578204CEE22009E9C66 /* FirstViewController.swift */,
				9893258C204D15FC009E9C66 /* MyCollectionViewCell.swift */,
				983C6646204E33F8003C1640 /* CalenderDataCenter.swift */,
				9893257C204CEE22009E9C66 /* Main.storyboard */,
				9893257F204CEE22009E9C66 /* Assets.xcassets */,
				98932581204CEE22009E9C66 /* LaunchScreen.storyboard */,
				98932584204CEE22009E9C66 /* Info.plist */,
			);
			path = 18_03_05_TabTab;
			sourceTree = "<group>";
		};
/* End PBXGroup section */

/* Begin PBXNativeTarget section */
		98932572204CEE22009E9C66 /* 18_03_05_TabTab */ = {
			isa = PBXNativeTarget;
			buildConfigurationList = 98932587204CEE22009E9C66 /* Build configuration list for PBXNativeTarget "18_03_05_TabTab" */;
			buildPhases = (
				9893256F204CEE22009E9C66 /* Sources */,
				98932570204CEE22009E9C66 /* Frameworks */,
				98932571204CEE22009E9C66 /* Resources */,
			);
			buildRules = (
			);
			dependencies = (
			);
			name = 18_03_05_TabTab;
			productName = 18_03_05_TabTab;
			productReference = 98932573204CEE22009E9C66 /* 18_03_05_TabTab.app */;
			productType = "com.apple.product-type.application";
		};
/* End PBXNativeTarget section */

/* Begin PBXProject section */
		9893256B204CEE22009E9C66 /* Project object */ = {
			isa = PBXProject;
			attributes = {
				LastSwiftUpdateCheck = 0920;
				LastUpgradeCheck = 0920;
				ORGANIZATIONNAME = baejiho;
				TargetAttributes = {
					98932572204CEE22009E9C66 = {
						CreatedOnToolsVersion = 9.2;
						ProvisioningStyle = Automatic;
					};
				};
			};
			buildConfigurationList = 9893256E204CEE22009E9C66 /* Build configuration list for PBXProject "18_03_05_TabTab" */;
			compatibilityVersion = "Xcode 8.0";
			developmentRegion = en;
			hasScannedForEncodings = 0;
			knownRegions = (
				en,
				Base,
			);
			mainGroup = 9893256A204CEE22009E9C66;
			productRefGroup = 98932574204CEE22009E9C66 /* Products */;
			projectDirPath = "";
			projectRoot = "";
			targets = (
				98932572204CEE22009E9C66 /* 18_03_05_TabTab */,
			);
		};
/* End PBXProject section */

/* Begin PBXResourcesBuildPhase section */
		98932571204CEE22009E9C66 /* Resources */ = {
			isa = PBXResourcesBuildPhase;
			buildActionMask = 2147483647;
			files = (
				98932583204CEE22009E9C66 /* LaunchScreen.storyboard in Resources */,
				98932580204CEE22009E9C66 /* Assets.xcassets in Resources */,
				9893257E204CEE22009E9C66 /* Main.storyboard in Resources */,
			);
			runOnlyForDeploymentPostprocessing = 0;
		};
/* End PBXResourcesBuildPhase section */

/* Begin PBXSourcesBuildPhase section */
		9893256F204CEE22009E9C66 /* Sources */ = {
			isa = PBXSourcesBuildPhase;
			buildActionMask = 2147483647;
			files = (
				983C6647204E33F8003C1640 /* CalenderDataCenter.swift in Sources */,
				9893258D204D15FC009E9C66 /* MyCollectionViewCell.swift in Sources */,
				98932577204CEE22009E9C66 /* AppDelegate.swift in Sources */,
				98932579204CEE22009E9C66 /* FirstViewController.swift in Sources */,
			);
			runOnlyForDeploymentPostprocessing = 0;
		};
/* End PBXSourcesBuildPhase section */

/* Begin PBXVariantGroup section */
		9893257C204CEE22009E9C66 /* Main.storyboard */ = {
			isa = PBXVariantGroup;
			children = (
				9893257D204CEE22009E9C66 /* Base */,
			);
			name = Main.storyboard;
			sourceTree = "<group>";
		};
		98932581204CEE22009E9C66 /* LaunchScreen.storyboard */ = {
			isa = PBXVariantGroup;
			children = (
				98932582204CEE22009E9C66 /* Base */,
			);
			name = LaunchScreen.storyboard;
			sourceTree = "<group>";
		};
/* End PBXVariantGroup section */

/* Begin XCBuildConfiguration section */
		98932585204CEE22009E9C66 /* Debug */ = {
			isa = XCBuildConfiguration;
			buildSettings = {
				ALWAYS_SEARCH_USER_PATHS = NO;
				CLANG_ANALYZER_NONNULL = YES;
				CLANG_ANALYZER_NUMBER_OBJECT_CONVERSION = YES_AGGRESSIVE;
				CLANG_CXX_LANGUAGE_STANDARD = "gnu++14";
				CLANG_CXX_LIBRARY = "libc++";
				CLANG_ENABLE_MODULES = YES;
				CLANG_ENABLE_OBJC_ARC = YES;
				CLANG_WARN_BLOCK_CAPTURE_AUTORELEASING = YES;
				CLANG_WARN_BOOL_CONVERSION = YES;
				CLANG_WARN_COMMA = YES;
				CLANG_WARN_CONSTANT_CONVERSION = YES;
				CLANG_WARN_DIRECT_OBJC_ISA_USAGE = YES_ERROR;
				CLANG_WARN_DOCUMENTATION_COMMENTS = YES;
				CLANG_WARN_EMPTY_BODY = YES;
				CLANG_WARN_ENUM_CONVERSION = YES;
				CLANG_WARN_INFINITE_RECURSION = YES;
				CLANG_WARN_INT_CONVERSION = YES;
				CLANG_WARN_NON_LITERAL_NULL_CONVERSION = YES;
				CLANG_WARN_OBJC_LITERAL_CONVERSION = YES;
				CLANG_WARN_OBJC_ROOT_CLASS = YES_ERROR;
				CLANG_WARN_RANGE_LOOP_ANALYSIS = YES;
				CLANG_WARN_STRICT_PROTOTYPES = YES;
				CLANG_WARN_SUSPICIOUS_MOVE = YES;
				CLANG_WARN_UNGUARDED_AVAILABILITY = YES_AGGRESSIVE;
				CLANG_WARN_UNREACHABLE_CODE = YES;
				CLANG_WARN__DUPLICATE_METHOD_MATCH = YES;
				CODE_SIGN_IDENTITY = "iPhone Developer";
				COPY_PHASE_STRIP = NO;
				DEBUG_INFORMATION_FORMAT = dwarf;
				ENABLE_STRICT_OBJC_MSGSEND = YES;
				ENABLE_TESTABILITY = YES;
				GCC_C_LANGUAGE_STANDARD = gnu11;
				GCC_DYNAMIC_NO_PIC = NO;
				GCC_NO_COMMON_BLOCKS = YES;
				GCC_OPTIMIZATION_LEVEL = 0;
				GCC_PREPROCESSOR_DEFINITIONS = (
					"DEBUG=1",
					"$(inherited)",
				);
				GCC_WARN_64_TO_32_BIT_CONVERSION = YES;
				GCC_WARN_ABOUT_RETURN_TYPE = YES_ERROR;
				GCC_WARN_UNDECLARED_SELECTOR = YES;
				GCC_WARN_UNINITIALIZED_AUTOS = YES_AGGRESSIVE;
				GCC_WARN_UNUSED_FUNCTION = YES;
				GCC_WARN_UNUSED_VARIABLE = YES;
				IPHONEOS_DEPLOYMENT_TARGET = 11.2;
				MTL_ENABLE_DEBUG_INFO = YES;
				ONLY_ACTIVE_ARCH = YES;
				SDKROOT = iphoneos;
				SWIFT_ACTIVE_COMPILATION_CONDITIONS = DEBUG;
				SWIFT_OPTIMIZATION_LEVEL = "-Onone";
			};
			name = Debug;
		};
		98932586204CEE22009E9C66 /* Release */ = {
			isa = XCBuildConfiguration;
			buildSettings = {
				ALWAYS_SEARCH_USER_PATHS = NO;
				CLANG_ANALYZER_NONNULL = YES;
				CLANG_ANALYZER_NUMBER_OBJECT_CONVERSION = YES_AGGRESSIVE;
				CLANG_CXX_LANGUAGE_STANDARD = "gnu++14";
				CLANG_CXX_LIBRARY = "libc++";
				CLANG_ENABLE_MODULES = YES;
				CLANG_ENABLE_OBJC_ARC = YES;
				CLANG_WARN_BLOCK_CAPTURE_AUTORELEASING = YES;
				CLANG_WARN_BOOL_CONVERSION = YES;
				CLANG_WARN_COMMA = YES;
				CLANG_WARN_CONSTANT_CONVERSION = YES;
				CLANG_WARN_DIRECT_OBJC_ISA_USAGE = YES_ERROR;
				CLANG_WARN_DOCUMENTATION_COMMENTS = YES;
				CLANG_WARN_EMPTY_BODY = YES;
				CLANG_WARN_ENUM_CONVERSION = YES;
				CLANG_WARN_INFINITE_RECURSION = YES;
				CLANG_WARN_INT_CONVERSION = YES;
				CLANG_WARN_NON_LITERAL_NULL_CONVERSION = YES;
				CLANG_WARN_OBJC_LITERAL_CONVERSION = YES;
				CLANG_WARN_OBJC_ROOT_CLASS = YES_ERROR;
				CLANG_WARN_RANGE_LOOP_ANALYSIS = YES;
				CLANG_WARN_STRICT_PROTOTYPES = YES;
				CLANG_WARN_SUSPICIOUS_MOVE = YES;
				CLANG_WARN_UNGUARDED_AVAILABILITY = YES_AGGRESSIVE;
				CLANG_WARN_UNREACHABLE_CODE = YES;
				CLANG_WARN__DUPLICATE_METHOD_MATCH = YES;
				CODE_SIGN_IDENTITY = "iPhone Developer";
				COPY_PHASE_STRIP = NO;
				DEBUG_INFORMATION_FORMAT = "dwarf-with-dsym";
				ENABLE_NS_ASSERTIONS = NO;
				ENABLE_STRICT_OBJC_MSGSEND = YES;
				GCC_C_LANGUAGE_STANDARD = gnu11;
				GCC_NO_COMMON_BLOCKS = YES;
				GCC_WARN_64_TO_32_BIT_CONVERSION = YES;
				GCC_WARN_ABOUT_RETURN_TYPE = YES_ERROR;
				GCC_WARN_UNDECLARED_SELECTOR = YES;
				GCC_WARN_UNINITIALIZED_AUTOS = YES_AGGRESSIVE;
				GCC_WARN_UNUSED_FUNCTION = YES;
				GCC_WARN_UNUSED_VARIABLE = YES;
				IPHONEOS_DEPLOYMENT_TARGET = 11.2;
				MTL_ENABLE_DEBUG_INFO = NO;
				SDKROOT = iphoneos;
				SWIFT_OPTIMIZATION_LEVEL = "-Owholemodule";
				VALIDATE_PRODUCT = YES;
			};
			name = Release;
		};
		98932588204CEE22009E9C66 /* Debug */ = {
			isa = XCBuildConfiguration;
			buildSettings = {
				ASSETCATALOG_COMPILER_APPICON_NAME = AppIcon;
				CODE_SIGN_STYLE = Automatic;
				DEVELOPMENT_TEAM = M979J82YX7;
				INFOPLIST_FILE = 18_03_05_TabTab/Info.plist;
				LD_RUNPATH_SEARCH_PATHS = "$(inherited) @executable_path/Frameworks";
				PRODUCT_BUNDLE_IDENTIFIER = "com.copca.-8-03-05-TabTab";
				PRODUCT_NAME = "$(TARGET_NAME)";
				SWIFT_VERSION = 4.0;
				TARGETED_DEVICE_FAMILY = "1,2";
			};
			name = Debug;
		};
		98932589204CEE22009E9C66 /* Release */ = {
			isa = XCBuildConfiguration;
			buildSettings = {
				ASSETCATALOG_COMPILER_APPICON_NAME = AppIcon;
				CODE_SIGN_STYLE = Automatic;
				DEVELOPMENT_TEAM = M979J82YX7;
				INFOPLIST_FILE = 18_03_05_TabTab/Info.plist;
				LD_RUNPATH_SEARCH_PATHS = "$(inherited) @executable_path/Frameworks";
				PRODUCT_BUNDLE_IDENTIFIER = "com.copca.-8-03-05-TabTab";
				PRODUCT_NAME = "$(TARGET_NAME)";
				SWIFT_VERSION = 4.0;
				TARGETED_DEVICE_FAMILY = "1,2";
			};
			name = Release;
		};
/* End XCBuildConfiguration section */

/* Begin XCConfigurationList section */
		9893256E204CEE22009E9C66 /* Build configuration list for PBXProject "18_03_05_TabTab" */ = {
			isa = XCConfigurationList;
			buildConfigurations = (
				98932585204CEE22009E9C66 /* Debug */,
				98932586204CEE22009E9C66 /* Release */,
			);
			defaultConfigurationIsVisible = 0;
			defaultConfigurationName = Release;
		};
		98932587204CEE22009E9C66 /* Build configuration list for PBXNativeTarget "18_03_05_TabTab" */ = {
			isa = XCConfigurationList;
			buildConfigurations = (
				98932588204CEE22009E9C66 /* Debug */,
				98932589204CEE22009E9C66 /* Release */,
			);
			defaultConfigurationIsVisible = 0;
			defaultConfigurationName = Release;
		};
/* End XCConfigurationList section */
	};
	rootObject = 9893256B204CEE22009E9C66 /* Project object */;
}
